// !$*UTF8*$!
{
	archiveVersion = 1;
	classes = {
	};
	objectVersion = 50;
	objects = {

/* Begin PBXBuildFile section */
		6A9AA4B02351F9F700BB4DBB /* AbstractFactory.swift in Sources */ = {isa = PBXBuildFile; fileRef = 6A9AA4AF2351F9F700BB4DBB /* AbstractFactory.swift */; };
		6A9AA4B42351FA6B00BB4DBB /* MapSite.swift in Sources */ = {isa = PBXBuildFile; fileRef = 6A9AA4B32351FA6B00BB4DBB /* MapSite.swift */; };
		6A9AA4B62351FA7300BB4DBB /* Room.swift in Sources */ = {isa = PBXBuildFile; fileRef = 6A9AA4B52351FA7300BB4DBB /* Room.swift */; };
		6A9AA4B82351FA7A00BB4DBB /* Wall.swift in Sources */ = {isa = PBXBuildFile; fileRef = 6A9AA4B72351FA7A00BB4DBB /* Wall.swift */; };
		6A9AA4BA2351FA8100BB4DBB /* Door.swift in Sources */ = {isa = PBXBuildFile; fileRef = 6A9AA4B92351FA8100BB4DBB /* Door.swift */; };
		6A9AA4BC2351FA8E00BB4DBB /* Maze.swift in Sources */ = {isa = PBXBuildFile; fileRef = 6A9AA4BB2351FA8E00BB4DBB /* Maze.swift */; };
		6A9AA4BE2351FB3D00BB4DBB /* Direction.swift in Sources */ = {isa = PBXBuildFile; fileRef = 6A9AA4BD2351FB3D00BB4DBB /* Direction.swift */; };
		6AC6CEBF2352009700A1166A /* EnchantedMazeFactory.swift in Sources */ = {isa = PBXBuildFile; fileRef = 6AC6CEBE2352009700A1166A /* EnchantedMazeFactory.swift */; };
		6AC6CEC1235201A300A1166A /* EnchantedFactoryTests.swift in Sources */ = {isa = PBXBuildFile; fileRef = 6AC6CEC0235201A300A1166A /* EnchantedFactoryTests.swift */; };
		6AC6CEC4235202C100A1166A /* Phone.swift in Sources */ = {isa = PBXBuildFile; fileRef = 6AC6CEC3235202C100A1166A /* Phone.swift */; };
		6AC6CEC62352038800A1166A /* NokiaPhone.swift in Sources */ = {isa = PBXBuildFile; fileRef = 6AC6CEC52352038800A1166A /* NokiaPhone.swift */; };
		6AC6CEC82352069D00A1166A /* iPhone.swift in Sources */ = {isa = PBXBuildFile; fileRef = 6AC6CEC72352069D00A1166A /* iPhone.swift */; };
		6AC6CECA235206D700A1166A /* PhoneFactory.swift in Sources */ = {isa = PBXBuildFile; fileRef = 6AC6CEC9235206D700A1166A /* PhoneFactory.swift */; };
		6AC6CECC2352076000A1166A /* PhoneShopTests.swift in Sources */ = {isa = PBXBuildFile; fileRef = 6AC6CECB2352076000A1166A /* PhoneShopTests.swift */; };
		6AC6CECE235207F600A1166A /* PhoneShop.swift in Sources */ = {isa = PBXBuildFile; fileRef = 6AC6CECD235207F600A1166A /* PhoneShop.swift */; };
		89719708233E0514007E6EDF /* AppDelegate.swift in Sources */ = {isa = PBXBuildFile; fileRef = 89719707233E0514007E6EDF /* AppDelegate.swift */; };
		8971970A233E0514007E6EDF /* SceneDelegate.swift in Sources */ = {isa = PBXBuildFile; fileRef = 89719709233E0514007E6EDF /* SceneDelegate.swift */; };
		8971970C233E0514007E6EDF /* ContentView.swift in Sources */ = {isa = PBXBuildFile; fileRef = 8971970B233E0514007E6EDF /* ContentView.swift */; };
		8971970E233E0515007E6EDF /* Assets.xcassets in Resources */ = {isa = PBXBuildFile; fileRef = 8971970D233E0515007E6EDF /* Assets.xcassets */; };
		89719711233E0515007E6EDF /* Preview Assets.xcassets in Resources */ = {isa = PBXBuildFile; fileRef = 89719710233E0515007E6EDF /* Preview Assets.xcassets */; };
		89719714233E0515007E6EDF /* LaunchScreen.storyboard in Resources */ = {isa = PBXBuildFile; fileRef = 89719712233E0515007E6EDF /* LaunchScreen.storyboard */; };
		8971971F233E0516007E6EDF /* DesignPattern_SwiftTests.swift in Sources */ = {isa = PBXBuildFile; fileRef = 8971971E233E0516007E6EDF /* DesignPattern_SwiftTests.swift */; };
		8971972A233E0516007E6EDF /* DesignPattern_SwiftUITests.swift in Sources */ = {isa = PBXBuildFile; fileRef = 89719729233E0516007E6EDF /* DesignPattern_SwiftUITests.swift */; };
/* End PBXBuildFile section */

/* Begin PBXContainerItemProxy section */
		8971971B233E0516007E6EDF /* PBXContainerItemProxy */ = {
			isa = PBXContainerItemProxy;
			containerPortal = 897196FC233E0514007E6EDF /* Project object */;
			proxyType = 1;
			remoteGlobalIDString = 89719703233E0514007E6EDF;
			remoteInfo = "DesignPattern-Swift";
		};
		89719726233E0516007E6EDF /* PBXContainerItemProxy */ = {
			isa = PBXContainerItemProxy;
			containerPortal = 897196FC233E0514007E6EDF /* Project object */;
			proxyType = 1;
			remoteGlobalIDString = 89719703233E0514007E6EDF;
			remoteInfo = "DesignPattern-Swift";
		};
/* End PBXContainerItemProxy section */

/* Begin PBXFileReference section */
		6A9AA4AF2351F9F700BB4DBB /* AbstractFactory.swift */ = {isa = PBXFileReference; lastKnownFileType = sourcecode.swift; path = AbstractFactory.swift; sourceTree = "<group>"; };
		6A9AA4B32351FA6B00BB4DBB /* MapSite.swift */ = {isa = PBXFileReference; lastKnownFileType = sourcecode.swift; path = MapSite.swift; sourceTree = "<group>"; };
		6A9AA4B52351FA7300BB4DBB /* Room.swift */ = {isa = PBXFileReference; lastKnownFileType = sourcecode.swift; path = Room.swift; sourceTree = "<group>"; };
		6A9AA4B72351FA7A00BB4DBB /* Wall.swift */ = {isa = PBXFileReference; lastKnownFileType = sourcecode.swift; path = Wall.swift; sourceTree = "<group>"; };
		6A9AA4B92351FA8100BB4DBB /* Door.swift */ = {isa = PBXFileReference; lastKnownFileType = sourcecode.swift; path = Door.swift; sourceTree = "<group>"; };
		6A9AA4BB2351FA8E00BB4DBB /* Maze.swift */ = {isa = PBXFileReference; lastKnownFileType = sourcecode.swift; path = Maze.swift; sourceTree = "<group>"; };
		6A9AA4BD2351FB3D00BB4DBB /* Direction.swift */ = {isa = PBXFileReference; lastKnownFileType = sourcecode.swift; path = Direction.swift; sourceTree = "<group>"; };
		6AC6CEBE2352009700A1166A /* EnchantedMazeFactory.swift */ = {isa = PBXFileReference; lastKnownFileType = sourcecode.swift; path = EnchantedMazeFactory.swift; sourceTree = "<group>"; };
		6AC6CEC0235201A300A1166A /* EnchantedFactoryTests.swift */ = {isa = PBXFileReference; lastKnownFileType = sourcecode.swift; path = EnchantedFactoryTests.swift; sourceTree = "<group>"; };
		6AC6CEC3235202C100A1166A /* Phone.swift */ = {isa = PBXFileReference; lastKnownFileType = sourcecode.swift; path = Phone.swift; sourceTree = "<group>"; };
		6AC6CEC52352038800A1166A /* NokiaPhone.swift */ = {isa = PBXFileReference; lastKnownFileType = sourcecode.swift; path = NokiaPhone.swift; sourceTree = "<group>"; };
		6AC6CEC72352069D00A1166A /* iPhone.swift */ = {isa = PBXFileReference; lastKnownFileType = sourcecode.swift; path = iPhone.swift; sourceTree = "<group>"; };
		6AC6CEC9235206D700A1166A /* PhoneFactory.swift */ = {isa = PBXFileReference; lastKnownFileType = sourcecode.swift; path = PhoneFactory.swift; sourceTree = "<group>"; };
		6AC6CECB2352076000A1166A /* PhoneShopTests.swift */ = {isa = PBXFileReference; lastKnownFileType = sourcecode.swift; path = PhoneShopTests.swift; sourceTree = "<group>"; };
		6AC6CECD235207F600A1166A /* PhoneShop.swift */ = {isa = PBXFileReference; lastKnownFileType = sourcecode.swift; path = PhoneShop.swift; sourceTree = "<group>"; };
		89719704233E0514007E6EDF /* DesignPattern-Swift.app */ = {isa = PBXFileReference; explicitFileType = wrapper.application; includeInIndex = 0; path = "DesignPattern-Swift.app"; sourceTree = BUILT_PRODUCTS_DIR; };
		89719707233E0514007E6EDF /* AppDelegate.swift */ = {isa = PBXFileReference; lastKnownFileType = sourcecode.swift; path = AppDelegate.swift; sourceTree = "<group>"; };
		89719709233E0514007E6EDF /* SceneDelegate.swift */ = {isa = PBXFileReference; lastKnownFileType = sourcecode.swift; path = SceneDelegate.swift; sourceTree = "<group>"; };
		8971970B233E0514007E6EDF /* ContentView.swift */ = {isa = PBXFileReference; lastKnownFileType = sourcecode.swift; path = ContentView.swift; sourceTree = "<group>"; };
		8971970D233E0515007E6EDF /* Assets.xcassets */ = {isa = PBXFileReference; lastKnownFileType = folder.assetcatalog; path = Assets.xcassets; sourceTree = "<group>"; };
		89719710233E0515007E6EDF /* Preview Assets.xcassets */ = {isa = PBXFileReference; lastKnownFileType = folder.assetcatalog; path = "Preview Assets.xcassets"; sourceTree = "<group>"; };
		89719713233E0515007E6EDF /* Base */ = {isa = PBXFileReference; lastKnownFileType = file.storyboard; name = Base; path = Base.lproj/LaunchScreen.storyboard; sourceTree = "<group>"; };
		89719715233E0515007E6EDF /* Info.plist */ = {isa = PBXFileReference; lastKnownFileType = text.plist.xml; path = Info.plist; sourceTree = "<group>"; };
		8971971A233E0516007E6EDF /* DesignPattern-SwiftTests.xctest */ = {isa = PBXFileReference; explicitFileType = wrapper.cfbundle; includeInIndex = 0; path = "DesignPattern-SwiftTests.xctest"; sourceTree = BUILT_PRODUCTS_DIR; };
		8971971E233E0516007E6EDF /* DesignPattern_SwiftTests.swift */ = {isa = PBXFileReference; lastKnownFileType = sourcecode.swift; path = DesignPattern_SwiftTests.swift; sourceTree = "<group>"; };
		89719720233E0516007E6EDF /* Info.plist */ = {isa = PBXFileReference; lastKnownFileType = text.plist.xml; path = Info.plist; sourceTree = "<group>"; };
		89719725233E0516007E6EDF /* DesignPattern-SwiftUITests.xctest */ = {isa = PBXFileReference; explicitFileType = wrapper.cfbundle; includeInIndex = 0; path = "DesignPattern-SwiftUITests.xctest"; sourceTree = BUILT_PRODUCTS_DIR; };
		89719729233E0516007E6EDF /* DesignPattern_SwiftUITests.swift */ = {isa = PBXFileReference; lastKnownFileType = sourcecode.swift; path = DesignPattern_SwiftUITests.swift; sourceTree = "<group>"; };
		8971972B233E0516007E6EDF /* Info.plist */ = {isa = PBXFileReference; lastKnownFileType = text.plist.xml; path = Info.plist; sourceTree = "<group>"; };
/* End PBXFileReference section */

/* Begin PBXFrameworksBuildPhase section */
		89719701233E0514007E6EDF /* Frameworks */ = {
			isa = PBXFrameworksBuildPhase;
			buildActionMask = 2147483647;
			files = (
			);
			runOnlyForDeploymentPostprocessing = 0;
		};
		89719717233E0515007E6EDF /* Frameworks */ = {
			isa = PBXFrameworksBuildPhase;
			buildActionMask = 2147483647;
			files = (
			);
			runOnlyForDeploymentPostprocessing = 0;
		};
		89719722233E0516007E6EDF /* Frameworks */ = {
			isa = PBXFrameworksBuildPhase;
			buildActionMask = 2147483647;
			files = (
			);
			runOnlyForDeploymentPostprocessing = 0;
		};
/* End PBXFrameworksBuildPhase section */

/* Begin PBXGroup section */
		6A9AA4B12351FA5000BB4DBB /* Creational */ = {
			isa = PBXGroup;
			children = (
				6AC6CECF235208CF00A1166A /* AbstractFactory */,
			);
			path = Creational;
			sourceTree = "<group>";
		};
		6A9AA4B22351FA5A00BB4DBB /* AbstractFactory */ = {
			isa = PBXGroup;
			children = (
				6A9AA4AF2351F9F700BB4DBB /* AbstractFactory.swift */,
				6AC6CEBE2352009700A1166A /* EnchantedMazeFactory.swift */,
			);
			path = AbstractFactory;
			sourceTree = "<group>";
		};
		6A9AA4BF2351FD9100BB4DBB /* BookDemo */ = {
			isa = PBXGroup;
			children = (
				6A9AA4B22351FA5A00BB4DBB /* AbstractFactory */,
				6A9AA4BD2351FB3D00BB4DBB /* Direction.swift */,
				6A9AA4B32351FA6B00BB4DBB /* MapSite.swift */,
				6A9AA4B52351FA7300BB4DBB /* Room.swift */,
				6A9AA4B72351FA7A00BB4DBB /* Wall.swift */,
				6A9AA4B92351FA8100BB4DBB /* Door.swift */,
				6A9AA4BB2351FA8E00BB4DBB /* Maze.swift */,
				6AC6CEC0235201A300A1166A /* EnchantedFactoryTests.swift */,
			);
			path = BookDemo;
			sourceTree = "<group>";
		};
		6AC6CEC2235202A800A1166A /* MyDemo */ = {
			isa = PBXGroup;
			children = (
				6AC6CEC3235202C100A1166A /* Phone.swift */,
				6AC6CEC52352038800A1166A /* NokiaPhone.swift */,
				6AC6CEC72352069D00A1166A /* iPhone.swift */,
				6AC6CEC9235206D700A1166A /* PhoneFactory.swift */,
				6AC6CECD235207F600A1166A /* PhoneShop.swift */,
				6AC6CECB2352076000A1166A /* PhoneShopTests.swift */,
			);
			path = MyDemo;
			sourceTree = "<group>";
		};
		6AC6CECF235208CF00A1166A /* AbstractFactory */ = {
			isa = PBXGroup;
			children = (
				6AC6CEC2235202A800A1166A /* MyDemo */,
				6A9AA4BF2351FD9100BB4DBB /* BookDemo */,
			);
			path = AbstractFactory;
			sourceTree = "<group>";
		};
		897196FB233E0514007E6EDF = {
			isa = PBXGroup;
			children = (
				89719706233E0514007E6EDF /* DesignPattern-Swift */,
				8971971D233E0516007E6EDF /* DesignPattern-SwiftTests */,
				89719728233E0516007E6EDF /* DesignPattern-SwiftUITests */,
				89719705233E0514007E6EDF /* Products */,
			);
			sourceTree = "<group>";
		};
		89719705233E0514007E6EDF /* Products */ = {
			isa = PBXGroup;
			children = (
				89719704233E0514007E6EDF /* DesignPattern-Swift.app */,
				8971971A233E0516007E6EDF /* DesignPattern-SwiftTests.xctest */,
				89719725233E0516007E6EDF /* DesignPattern-SwiftUITests.xctest */,
			);
			name = Products;
			sourceTree = "<group>";
		};
		89719706233E0514007E6EDF /* DesignPattern-Swift */ = {
			isa = PBXGroup;
			children = (
				89719707233E0514007E6EDF /* AppDelegate.swift */,
				89719709233E0514007E6EDF /* SceneDelegate.swift */,
				8971970B233E0514007E6EDF /* ContentView.swift */,
				8971970D233E0515007E6EDF /* Assets.xcassets */,
				89719712233E0515007E6EDF /* LaunchScreen.storyboard */,
				89719715233E0515007E6EDF /* Info.plist */,
				8971970F233E0515007E6EDF /* Preview Content */,
			);
			path = "DesignPattern-Swift";
			sourceTree = "<group>";
		};
		8971970F233E0515007E6EDF /* Preview Content */ = {
			isa = PBXGroup;
			children = (
				89719710233E0515007E6EDF /* Preview Assets.xcassets */,
			);
			path = "Preview Content";
			sourceTree = "<group>";
		};
		8971971D233E0516007E6EDF /* DesignPattern-SwiftTests */ = {
			isa = PBXGroup;
			children = (
				6A9AA4B12351FA5000BB4DBB /* Creational */,
				8971971E233E0516007E6EDF /* DesignPattern_SwiftTests.swift */,
				89719720233E0516007E6EDF /* Info.plist */,
			);
			path = "DesignPattern-SwiftTests";
			sourceTree = "<group>";
		};
		89719728233E0516007E6EDF /* DesignPattern-SwiftUITests */ = {
			isa = PBXGroup;
			children = (
				89719729233E0516007E6EDF /* DesignPattern_SwiftUITests.swift */,
				8971972B233E0516007E6EDF /* Info.plist */,
			);
			path = "DesignPattern-SwiftUITests";
			sourceTree = "<group>";
		};
/* End PBXGroup section */

/* Begin PBXNativeTarget section */
		89719703233E0514007E6EDF /* DesignPattern-Swift */ = {
			isa = PBXNativeTarget;
			buildConfigurationList = 8971972E233E0516007E6EDF /* Build configuration list for PBXNativeTarget "DesignPattern-Swift" */;
			buildPhases = (
				89719700233E0514007E6EDF /* Sources */,
				89719701233E0514007E6EDF /* Frameworks */,
				89719702233E0514007E6EDF /* Resources */,
			);
			buildRules = (
			);
			dependencies = (
			);
			name = "DesignPattern-Swift";
			productName = "DesignPattern-Swift";
			productReference = 89719704233E0514007E6EDF /* DesignPattern-Swift.app */;
			productType = "com.apple.product-type.application";
		};
		89719719233E0515007E6EDF /* DesignPattern-SwiftTests */ = {
			isa = PBXNativeTarget;
			buildConfigurationList = 89719731233E0516007E6EDF /* Build configuration list for PBXNativeTarget "DesignPattern-SwiftTests" */;
			buildPhases = (
				89719716233E0515007E6EDF /* Sources */,
				89719717233E0515007E6EDF /* Frameworks */,
				89719718233E0515007E6EDF /* Resources */,
			);
			buildRules = (
			);
			dependencies = (
				8971971C233E0516007E6EDF /* PBXTargetDependency */,
			);
			name = "DesignPattern-SwiftTests";
			productName = "DesignPattern-SwiftTests";
			productReference = 8971971A233E0516007E6EDF /* DesignPattern-SwiftTests.xctest */;
			productType = "com.apple.product-type.bundle.unit-test";
		};
		89719724233E0516007E6EDF /* DesignPattern-SwiftUITests */ = {
			isa = PBXNativeTarget;
			buildConfigurationList = 89719734233E0516007E6EDF /* Build configuration list for PBXNativeTarget "DesignPattern-SwiftUITests" */;
			buildPhases = (
				89719721233E0516007E6EDF /* Sources */,
				89719722233E0516007E6EDF /* Frameworks */,
				89719723233E0516007E6EDF /* Resources */,
			);
			buildRules = (
			);
			dependencies = (
				89719727233E0516007E6EDF /* PBXTargetDependency */,
			);
			name = "DesignPattern-SwiftUITests";
			productName = "DesignPattern-SwiftUITests";
			productReference = 89719725233E0516007E6EDF /* DesignPattern-SwiftUITests.xctest */;
			productType = "com.apple.product-type.bundle.ui-testing";
		};
/* End PBXNativeTarget section */

/* Begin PBXProject section */
		897196FC233E0514007E6EDF /* Project object */ = {
			isa = PBXProject;
			attributes = {
				LastSwiftUpdateCheck = 1100;
				LastUpgradeCheck = 1100;
				ORGANIZATIONNAME = ios;
				TargetAttributes = {
					89719703233E0514007E6EDF = {
						CreatedOnToolsVersion = 11.0;
					};
					89719719233E0515007E6EDF = {
						CreatedOnToolsVersion = 11.0;
						TestTargetID = 89719703233E0514007E6EDF;
					};
					89719724233E0516007E6EDF = {
						CreatedOnToolsVersion = 11.0;
						TestTargetID = 89719703233E0514007E6EDF;
					};
				};
			};
			buildConfigurationList = 897196FF233E0514007E6EDF /* Build configuration list for PBXProject "DesignPattern-Swift" */;
			compatibilityVersion = "Xcode 9.3";
			developmentRegion = en;
			hasScannedForEncodings = 0;
			knownRegions = (
				en,
				Base,
			);
			mainGroup = 897196FB233E0514007E6EDF;
			productRefGroup = 89719705233E0514007E6EDF /* Products */;
			projectDirPath = "";
			projectRoot = "";
			targets = (
				89719703233E0514007E6EDF /* DesignPattern-Swift */,
				89719719233E0515007E6EDF /* DesignPattern-SwiftTests */,
				89719724233E0516007E6EDF /* DesignPattern-SwiftUITests */,
			);
		};
/* End PBXProject section */

/* Begin PBXResourcesBuildPhase section */
		89719702233E0514007E6EDF /* Resources */ = {
			isa = PBXResourcesBuildPhase;
			buildActionMask = 2147483647;
			files = (
				89719714233E0515007E6EDF /* LaunchScreen.storyboard in Resources */,
				89719711233E0515007E6EDF /* Preview Assets.xcassets in Resources */,
				8971970E233E0515007E6EDF /* Assets.xcassets in Resources */,
			);
			runOnlyForDeploymentPostprocessing = 0;
		};
		89719718233E0515007E6EDF /* Resources */ = {
			isa = PBXResourcesBuildPhase;
			buildActionMask = 2147483647;
			files = (
			);
			runOnlyForDeploymentPostprocessing = 0;
		};
		89719723233E0516007E6EDF /* Resources */ = {
			isa = PBXResourcesBuildPhase;
			buildActionMask = 2147483647;
			files = (
			);
			runOnlyForDeploymentPostprocessing = 0;
		};
/* End PBXResourcesBuildPhase section */

/* Begin PBXSourcesBuildPhase section */
		89719700233E0514007E6EDF /* Sources */ = {
			isa = PBXSourcesBuildPhase;
			buildActionMask = 2147483647;
			files = (
				89719708233E0514007E6EDF /* AppDelegate.swift in Sources */,
				8971970A233E0514007E6EDF /* SceneDelegate.swift in Sources */,
				8971970C233E0514007E6EDF /* ContentView.swift in Sources */,
			);
			runOnlyForDeploymentPostprocessing = 0;
		};
		89719716233E0515007E6EDF /* Sources */ = {
			isa = PBXSourcesBuildPhase;
			buildActionMask = 2147483647;
			files = (
				6A9AA4B42351FA6B00BB4DBB /* MapSite.swift in Sources */,
				6AC6CECA235206D700A1166A /* PhoneFactory.swift in Sources */,
				6AC6CEC1235201A300A1166A /* EnchantedFactoryTests.swift in Sources */,
				6AC6CEC62352038800A1166A /* NokiaPhone.swift in Sources */,
				6A9AA4BA2351FA8100BB4DBB /* Door.swift in Sources */,
				6AC6CEBF2352009700A1166A /* EnchantedMazeFactory.swift in Sources */,
				6A9AA4B02351F9F700BB4DBB /* AbstractFactory.swift in Sources */,
				6A9AA4BE2351FB3D00BB4DBB /* Direction.swift in Sources */,
				6AC6CECC2352076000A1166A /* PhoneShopTests.swift in Sources */,
				6A9AA4B82351FA7A00BB4DBB /* Wall.swift in Sources */,
				6A9AA4B62351FA7300BB4DBB /* Room.swift in Sources */,
				8971971F233E0516007E6EDF /* DesignPattern_SwiftTests.swift in Sources */,
				6A9AA4BC2351FA8E00BB4DBB /* Maze.swift in Sources */,
				6AC6CEC4235202C100A1166A /* Phone.swift in Sources */,
				6AC6CECE235207F600A1166A /* PhoneShop.swift in Sources */,
				6AC6CEC82352069D00A1166A /* iPhone.swift in Sources */,
			);
			runOnlyForDeploymentPostprocessing = 0;
		};
		89719721233E0516007E6EDF /* Sources */ = {
			isa = PBXSourcesBuildPhase;
			buildActionMask = 2147483647;
			files = (
				8971972A233E0516007E6EDF /* DesignPattern_SwiftUITests.swift in Sources */,
			);
			runOnlyForDeploymentPostprocessing = 0;
		};
/* End PBXSourcesBuildPhase section */

/* Begin PBXTargetDependency section */
		8971971C233E0516007E6EDF /* PBXTargetDependency */ = {
			isa = PBXTargetDependency;
			target = 89719703233E0514007E6EDF /* DesignPattern-Swift */;
			targetProxy = 8971971B233E0516007E6EDF /* PBXContainerItemProxy */;
		};
		89719727233E0516007E6EDF /* PBXTargetDependency */ = {
			isa = PBXTargetDependency;
			target = 89719703233E0514007E6EDF /* DesignPattern-Swift */;
			targetProxy = 89719726233E0516007E6EDF /* PBXContainerItemProxy */;
		};
/* End PBXTargetDependency section */

/* Begin PBXVariantGroup section */
		89719712233E0515007E6EDF /* LaunchScreen.storyboard */ = {
			isa = PBXVariantGroup;
			children = (
				89719713233E0515007E6EDF /* Base */,
			);
			name = LaunchScreen.storyboard;
			sourceTree = "<group>";
		};
/* End PBXVariantGroup section */

/* Begin XCBuildConfiguration section */
		8971972C233E0516007E6EDF /* Debug */ = {
			isa = XCBuildConfiguration;
			buildSettings = {
				ALWAYS_SEARCH_USER_PATHS = NO;
				CLANG_ANALYZER_NONNULL = YES;
				CLANG_ANALYZER_NUMBER_OBJECT_CONVERSION = YES_AGGRESSIVE;
				CLANG_CXX_LANGUAGE_STANDARD = "gnu++14";
				CLANG_CXX_LIBRARY = "libc++";
				CLANG_ENABLE_MODULES = YES;
				CLANG_ENABLE_OBJC_ARC = YES;
				CLANG_ENABLE_OBJC_WEAK = YES;
				CLANG_WARN_BLOCK_CAPTURE_AUTORELEASING = YES;
				CLANG_WARN_BOOL_CONVERSION = YES;
				CLANG_WARN_COMMA = YES;
				CLANG_WARN_CONSTANT_CONVERSION = YES;
				CLANG_WARN_DEPRECATED_OBJC_IMPLEMENTATIONS = YES;
				CLANG_WARN_DIRECT_OBJC_ISA_USAGE = YES_ERROR;
				CLANG_WARN_DOCUMENTATION_COMMENTS = YES;
				CLANG_WARN_EMPTY_BODY = YES;
				CLANG_WARN_ENUM_CONVERSION = YES;
				CLANG_WARN_INFINITE_RECURSION = YES;
				CLANG_WARN_INT_CONVERSION = YES;
				CLANG_WARN_NON_LITERAL_NULL_CONVERSION = YES;
				CLANG_WARN_OBJC_IMPLICIT_RETAIN_SELF = YES;
				CLANG_WARN_OBJC_LITERAL_CONVERSION = YES;
				CLANG_WARN_OBJC_ROOT_CLASS = YES_ERROR;
				CLANG_WARN_RANGE_LOOP_ANALYSIS = YES;
				CLANG_WARN_STRICT_PROTOTYPES = YES;
				CLANG_WARN_SUSPICIOUS_MOVE = YES;
				CLANG_WARN_UNGUARDED_AVAILABILITY = YES_AGGRESSIVE;
				CLANG_WARN_UNREACHABLE_CODE = YES;
				CLANG_WARN__DUPLICATE_METHOD_MATCH = YES;
				COPY_PHASE_STRIP = NO;
				DEBUG_INFORMATION_FORMAT = dwarf;
				ENABLE_STRICT_OBJC_MSGSEND = YES;
				ENABLE_TESTABILITY = YES;
				GCC_C_LANGUAGE_STANDARD = gnu11;
				GCC_DYNAMIC_NO_PIC = NO;
				GCC_NO_COMMON_BLOCKS = YES;
				GCC_OPTIMIZATION_LEVEL = 0;
				GCC_PREPROCESSOR_DEFINITIONS = (
					"DEBUG=1",
					"$(inherited)",
				);
				GCC_WARN_64_TO_32_BIT_CONVERSION = YES;
				GCC_WARN_ABOUT_RETURN_TYPE = YES_ERROR;
				GCC_WARN_UNDECLARED_SELECTOR = YES;
				GCC_WARN_UNINITIALIZED_AUTOS = YES_AGGRESSIVE;
				GCC_WARN_UNUSED_FUNCTION = YES;
				GCC_WARN_UNUSED_VARIABLE = YES;
				IPHONEOS_DEPLOYMENT_TARGET = 13.0;
				MTL_ENABLE_DEBUG_INFO = INCLUDE_SOURCE;
				MTL_FAST_MATH = YES;
				ONLY_ACTIVE_ARCH = YES;
				SDKROOT = iphoneos;
				SWIFT_ACTIVE_COMPILATION_CONDITIONS = DEBUG;
				SWIFT_OPTIMIZATION_LEVEL = "-Onone";
			};
			name = Debug;
		};
		8971972D233E0516007E6EDF /* Release */ = {
			isa = XCBuildConfiguration;
			buildSettings = {
				ALWAYS_SEARCH_USER_PATHS = NO;
				CLANG_ANALYZER_NONNULL = YES;
				CLANG_ANALYZER_NUMBER_OBJECT_CONVERSION = YES_AGGRESSIVE;
				CLANG_CXX_LANGUAGE_STANDARD = "gnu++14";
				CLANG_CXX_LIBRARY = "libc++";
				CLANG_ENABLE_MODULES = YES;
				CLANG_ENABLE_OBJC_ARC = YES;
				CLANG_ENABLE_OBJC_WEAK = YES;
				CLANG_WARN_BLOCK_CAPTURE_AUTORELEASING = YES;
				CLANG_WARN_BOOL_CONVERSION = YES;
				CLANG_WARN_COMMA = YES;
				CLANG_WARN_CONSTANT_CONVERSION = YES;
				CLANG_WARN_DEPRECATED_OBJC_IMPLEMENTATIONS = YES;
				CLANG_WARN_DIRECT_OBJC_ISA_USAGE = YES_ERROR;
				CLANG_WARN_DOCUMENTATION_COMMENTS = YES;
				CLANG_WARN_EMPTY_BODY = YES;
				CLANG_WARN_ENUM_CONVERSION = YES;
				CLANG_WARN_INFINITE_RECURSION = YES;
				CLANG_WARN_INT_CONVERSION = YES;
				CLANG_WARN_NON_LITERAL_NULL_CONVERSION = YES;
				CLANG_WARN_OBJC_IMPLICIT_RETAIN_SELF = YES;
				CLANG_WARN_OBJC_LITERAL_CONVERSION = YES;
				CLANG_WARN_OBJC_ROOT_CLASS = YES_ERROR;
				CLANG_WARN_RANGE_LOOP_ANALYSIS = YES;
				CLANG_WARN_STRICT_PROTOTYPES = YES;
				CLANG_WARN_SUSPICIOUS_MOVE = YES;
				CLANG_WARN_UNGUARDED_AVAILABILITY = YES_AGGRESSIVE;
				CLANG_WARN_UNREACHABLE_CODE = YES;
				CLANG_WARN__DUPLICATE_METHOD_MATCH = YES;
				COPY_PHASE_STRIP = NO;
				DEBUG_INFORMATION_FORMAT = "dwarf-with-dsym";
				ENABLE_NS_ASSERTIONS = NO;
				ENABLE_STRICT_OBJC_MSGSEND = YES;
				GCC_C_LANGUAGE_STANDARD = gnu11;
				GCC_NO_COMMON_BLOCKS = YES;
				GCC_WARN_64_TO_32_BIT_CONVERSION = YES;
				GCC_WARN_ABOUT_RETURN_TYPE = YES_ERROR;
				GCC_WARN_UNDECLARED_SELECTOR = YES;
				GCC_WARN_UNINITIALIZED_AUTOS = YES_AGGRESSIVE;
				GCC_WARN_UNUSED_FUNCTION = YES;
				GCC_WARN_UNUSED_VARIABLE = YES;
				IPHONEOS_DEPLOYMENT_TARGET = 13.0;
				MTL_ENABLE_DEBUG_INFO = NO;
				MTL_FAST_MATH = YES;
				SDKROOT = iphoneos;
				SWIFT_COMPILATION_MODE = wholemodule;
				SWIFT_OPTIMIZATION_LEVEL = "-O";
				VALIDATE_PRODUCT = YES;
			};
			name = Release;
		};
		8971972F233E0516007E6EDF /* Debug */ = {
			isa = XCBuildConfiguration;
			buildSettings = {
				ASSETCATALOG_COMPILER_APPICON_NAME = AppIcon;
				CODE_SIGN_STYLE = Automatic;
				DEVELOPMENT_ASSET_PATHS = "\"DesignPattern-Swift/Preview Content\"";
				ENABLE_PREVIEWS = YES;
				INFOPLIST_FILE = "DesignPattern-Swift/Info.plist";
				LD_RUNPATH_SEARCH_PATHS = (
					"$(inherited)",
					"@executable_path/Frameworks",
				);
				PRODUCT_BUNDLE_IDENTIFIER = "com.theknotww.DesignPattern-Swift";
				PRODUCT_NAME = "$(TARGET_NAME)";
				SWIFT_VERSION = 5.0;
				TARGETED_DEVICE_FAMILY = "1,2";
			};
			name = Debug;
		};
		89719730233E0516007E6EDF /* Release */ = {
			isa = XCBuildConfiguration;
			buildSettings = {
				ASSETCATALOG_COMPILER_APPICON_NAME = AppIcon;
				CODE_SIGN_STYLE = Automatic;
				DEVELOPMENT_ASSET_PATHS = "\"DesignPattern-Swift/Preview Content\"";
				ENABLE_PREVIEWS = YES;
				INFOPLIST_FILE = "DesignPattern-Swift/Info.plist";
				LD_RUNPATH_SEARCH_PATHS = (
					"$(inherited)",
					"@executable_path/Frameworks",
				);
				PRODUCT_BUNDLE_IDENTIFIER = "com.theknotww.DesignPattern-Swift";
				PRODUCT_NAME = "$(TARGET_NAME)";
				SWIFT_VERSION = 5.0;
				TARGETED_DEVICE_FAMILY = "1,2";
			};
			name = Release;
		};
		89719732233E0516007E6EDF /* Debug */ = {
			isa = XCBuildConfiguration;
			buildSettings = {
				ALWAYS_EMBED_SWIFT_STANDARD_LIBRARIES = YES;
				BUNDLE_LOADER = "$(TEST_HOST)";
				CODE_SIGN_STYLE = Automatic;
				INFOPLIST_FILE = "DesignPattern-SwiftTests/Info.plist";
				IPHONEOS_DEPLOYMENT_TARGET = 13.0;
				LD_RUNPATH_SEARCH_PATHS = (
					"$(inherited)",
					"@executable_path/Frameworks",
					"@loader_path/Frameworks",
				);
				PRODUCT_BUNDLE_IDENTIFIER = "com.theknotww.DesignPattern-SwiftTests";
				PRODUCT_NAME = "$(TARGET_NAME)";
				SWIFT_VERSION = 5.0;
				TARGETED_DEVICE_FAMILY = "1,2";
				TEST_HOST = "$(BUILT_PRODUCTS_DIR)/DesignPattern-Swift.app/DesignPattern-Swift";
			};
			name = Debug;
		};
		89719733233E0516007E6EDF /* Release */ = {
			isa = XCBuildConfiguration;
			buildSettings = {
				ALWAYS_EMBED_SWIFT_STANDARD_LIBRARIES = YES;
				BUNDLE_LOADER = "$(TEST_HOST)";
				CODE_SIGN_STYLE = Automatic;
				INFOPLIST_FILE = "DesignPattern-SwiftTests/Info.plist";
				IPHONEOS_DEPLOYMENT_TARGET = 13.0;
				LD_RUNPATH_SEARCH_PATHS = (
					"$(inherited)",
					"@executable_path/Frameworks",
					"@loader_path/Frameworks",
				);
				PRODUCT_BUNDLE_IDENTIFIER = "com.theknotww.DesignPattern-SwiftTests";
				PRODUCT_NAME = "$(TARGET_NAME)";
				SWIFT_VERSION = 5.0;
				TARGETED_DEVICE_FAMILY = "1,2";
				TEST_HOST = "$(BUILT_PRODUCTS_DIR)/DesignPattern-Swift.app/DesignPattern-Swift";
			};
			name = Release;
		};
		89719735233E0516007E6EDF /* Debug */ = {
			isa = XCBuildConfiguration;
			buildSettings = {
				ALWAYS_EMBED_SWIFT_STANDARD_LIBRARIES = YES;
				CODE_SIGN_STYLE = Automatic;
				INFOPLIST_FILE = "DesignPattern-SwiftUITests/Info.plist";
				LD_RUNPATH_SEARCH_PATHS = (
					"$(inherited)",
					"@executable_path/Frameworks",
					"@loader_path/Frameworks",
				);
				PRODUCT_BUNDLE_IDENTIFIER = "com.theknotww.DesignPattern-SwiftUITests";
				PRODUCT_NAME = "$(TARGET_NAME)";
				SWIFT_VERSION = 5.0;
				TARGETED_DEVICE_FAMILY = "1,2";
				TEST_TARGET_NAME = "DesignPattern-Swift";
			};
			name = Debug;
		};
		89719736233E0516007E6EDF /* Release */ = {
			isa = XCBuildConfiguration;
			buildSettings = {
				ALWAYS_EMBED_SWIFT_STANDARD_LIBRARIES = YES;
				CODE_SIGN_STYLE = Automatic;
				INFOPLIST_FILE = "DesignPattern-SwiftUITests/Info.plist";
				LD_RUNPATH_SEARCH_PATHS = (
					"$(inherited)",
					"@executable_path/Frameworks",
					"@loader_path/Frameworks",
				);
				PRODUCT_BUNDLE_IDENTIFIER = "com.theknotww.DesignPattern-SwiftUITests";
				PRODUCT_NAME = "$(TARGET_NAME)";
				SWIFT_VERSION = 5.0;
				TARGETED_DEVICE_FAMILY = "1,2";
				TEST_TARGET_NAME = "DesignPattern-Swift";
			};
			name = Release;
		};
/* End XCBuildConfiguration section */

/* Begin XCConfigurationList section */
		897196FF233E0514007E6EDF /* Build configuration list for PBXProject "DesignPattern-Swift" */ = {
			isa = XCConfigurationList;
			buildConfigurations = (
				8971972C233E0516007E6EDF /* Debug */,
				8971972D233E0516007E6EDF /* Release */,
			);
			defaultConfigurationIsVisible = 0;
			defaultConfigurationName = Release;
		};
		8971972E233E0516007E6EDF /* Build configuration list for PBXNativeTarget "DesignPattern-Swift" */ = {
			isa = XCConfigurationList;
			buildConfigurations = (
				8971972F233E0516007E6EDF /* Debug */,
				89719730233E0516007E6EDF /* Release */,
			);
			defaultConfigurationIsVisible = 0;
			defaultConfigurationName = Release;
		};
		89719731233E0516007E6EDF /* Build configuration list for PBXNativeTarget "DesignPattern-SwiftTests" */ = {
			isa = XCConfigurationList;
			buildConfigurations = (
				89719732233E0516007E6EDF /* Debug */,
				89719733233E0516007E6EDF /* Release */,
			);
			defaultConfigurationIsVisible = 0;
			defaultConfigurationName = Release;
		};
		89719734233E0516007E6EDF /* Build configuration list for PBXNativeTarget "DesignPattern-SwiftUITests" */ = {
			isa = XCConfigurationList;
			buildConfigurations = (
				89719735233E0516007E6EDF /* Debug */,
				89719736233E0516007E6EDF /* Release */,
			);
			defaultConfigurationIsVisible = 0;
			defaultConfigurationName = Release;
		};
/* End XCConfigurationList section */
	};
	rootObject = 897196FC233E0514007E6EDF /* Project object */;
}
