// !$*UTF8*$!
{
	archiveVersion = 1;
	classes = {
	};
	objectVersion = 50;
	objects = {

/* Begin PBXBuildFile section */
		6A452C7A23C37EF800E6253C /* Graphic.swift in Sources */ = {isa = PBXBuildFile; fileRef = 6A452C7923C37EF800E6253C /* Graphic.swift */; };
		6A452C7C23C3821700E6253C /* GraphicTests.swift in Sources */ = {isa = PBXBuildFile; fileRef = 6A452C7B23C3821600E6253C /* GraphicTests.swift */; };
		6A56DC9323C06FA000E8BCE7 /* FlyweightGlyph.swift in Sources */ = {isa = PBXBuildFile; fileRef = 6A56DC9223C06FA000E8BCE7 /* FlyweightGlyph.swift */; };
		6A56DC9523C07AF100E8BCE7 /* FlyweightGlyphTests.swift in Sources */ = {isa = PBXBuildFile; fileRef = 6A56DC9423C07AF100E8BCE7 /* FlyweightGlyphTests.swift */; };
		6A56DC9723C07C9100E8BCE7 /* FlyweightColor.swift in Sources */ = {isa = PBXBuildFile; fileRef = 6A56DC9623C07C9100E8BCE7 /* FlyweightColor.swift */; };
		6A56DC9923C0945100E8BCE7 /* FlyweightColorTests.swift in Sources */ = {isa = PBXBuildFile; fileRef = 6A56DC9823C0945100E8BCE7 /* FlyweightColorTests.swift */; };
		6A9AA4B02351F9F700BB4DBB /* MazeFactory.swift in Sources */ = {isa = PBXBuildFile; fileRef = 6A9AA4AF2351F9F700BB4DBB /* MazeFactory.swift */; };
		6A9AA4B42351FA6B00BB4DBB /* MapSite.swift in Sources */ = {isa = PBXBuildFile; fileRef = 6A9AA4B32351FA6B00BB4DBB /* MapSite.swift */; };
		6A9AA4B62351FA7300BB4DBB /* Room.swift in Sources */ = {isa = PBXBuildFile; fileRef = 6A9AA4B52351FA7300BB4DBB /* Room.swift */; };
		6A9AA4B82351FA7A00BB4DBB /* Wall.swift in Sources */ = {isa = PBXBuildFile; fileRef = 6A9AA4B72351FA7A00BB4DBB /* Wall.swift */; };
		6A9AA4BA2351FA8100BB4DBB /* Door.swift in Sources */ = {isa = PBXBuildFile; fileRef = 6A9AA4B92351FA8100BB4DBB /* Door.swift */; };
		6A9AA4BC2351FA8E00BB4DBB /* Maze.swift in Sources */ = {isa = PBXBuildFile; fileRef = 6A9AA4BB2351FA8E00BB4DBB /* Maze.swift */; };
		6A9AA4BE2351FB3D00BB4DBB /* Direction.swift in Sources */ = {isa = PBXBuildFile; fileRef = 6A9AA4BD2351FB3D00BB4DBB /* Direction.swift */; };
		6A9E11FB242F25E60039FA51 /* HelpHandler.swift in Sources */ = {isa = PBXBuildFile; fileRef = 6A9E11FA242F25E60039FA51 /* HelpHandler.swift */; };
		6A9E11FD242F2B350039FA51 /* HelpHandlerTests.swift in Sources */ = {isa = PBXBuildFile; fileRef = 6A9E11FC242F2B350039FA51 /* HelpHandlerTests.swift */; };
		6AAD751F237EC3F50048DD90 /* SingletonMazeFactory.swift in Sources */ = {isa = PBXBuildFile; fileRef = 6AAD751E237EC3F50048DD90 /* SingletonMazeFactory.swift */; };
		6AAD7521237EC4360048DD90 /* SingletonMazeFactoryTests.swift in Sources */ = {isa = PBXBuildFile; fileRef = 6AAD7520237EC4360048DD90 /* SingletonMazeFactoryTests.swift */; };
		6AAD7537237EC92D0048DD90 /* Shape.swift in Sources */ = {isa = PBXBuildFile; fileRef = 6AAD7536237EC92D0048DD90 /* Shape.swift */; };
		6AAD7539237ECAC30048DD90 /* TextView.swift in Sources */ = {isa = PBXBuildFile; fileRef = 6AAD7538237ECAC30048DD90 /* TextView.swift */; };
		6AAD753B237ECB7C0048DD90 /* TextShape.swift in Sources */ = {isa = PBXBuildFile; fileRef = 6AAD753A237ECB7C0048DD90 /* TextShape.swift */; };
		6AAD753E237ECEB10048DD90 /* FirstResponderConvertible.swift in Sources */ = {isa = PBXBuildFile; fileRef = 6AAD753D237ECEB10048DD90 /* FirstResponderConvertible.swift */; };
		6AAD7540237ECF060048DD90 /* Control.swift in Sources */ = {isa = PBXBuildFile; fileRef = 6AAD753F237ECF060048DD90 /* Control.swift */; };
		6AAD7542237ECFAB0048DD90 /* ImageView.swift in Sources */ = {isa = PBXBuildFile; fileRef = 6AAD7541237ECFAB0048DD90 /* ImageView.swift */; };
		6AAD7544237ED0E80048DD90 /* TextShapeTests.swift in Sources */ = {isa = PBXBuildFile; fileRef = 6AAD7543237ED0E70048DD90 /* TextShapeTests.swift */; };
		6AAD7546237ED5A90048DD90 /* ControlTests.swift in Sources */ = {isa = PBXBuildFile; fileRef = 6AAD7545237ED5A90048DD90 /* ControlTests.swift */; };
		6AC6CEBF2352009700A1166A /* EnchantedMazeFactory.swift in Sources */ = {isa = PBXBuildFile; fileRef = 6AC6CEBE2352009700A1166A /* EnchantedMazeFactory.swift */; };
		6AC6CEC1235201A300A1166A /* EnchantedFactoryTests.swift in Sources */ = {isa = PBXBuildFile; fileRef = 6AC6CEC0235201A300A1166A /* EnchantedFactoryTests.swift */; };
		6AC6CEC4235202C100A1166A /* Phone.swift in Sources */ = {isa = PBXBuildFile; fileRef = 6AC6CEC3235202C100A1166A /* Phone.swift */; };
		6AC6CEC62352038800A1166A /* NokiaPhone.swift in Sources */ = {isa = PBXBuildFile; fileRef = 6AC6CEC52352038800A1166A /* NokiaPhone.swift */; };
		6AC6CEC82352069D00A1166A /* iPhone.swift in Sources */ = {isa = PBXBuildFile; fileRef = 6AC6CEC72352069D00A1166A /* iPhone.swift */; };
		6AC6CECA235206D700A1166A /* PhoneFactory.swift in Sources */ = {isa = PBXBuildFile; fileRef = 6AC6CEC9235206D700A1166A /* PhoneFactory.swift */; };
		6AC6CECC2352076000A1166A /* PhoneShopTests.swift in Sources */ = {isa = PBXBuildFile; fileRef = 6AC6CECB2352076000A1166A /* PhoneShopTests.swift */; };
		6AC6CECE235207F600A1166A /* PhoneShop.swift in Sources */ = {isa = PBXBuildFile; fileRef = 6AC6CECD235207F600A1166A /* PhoneShop.swift */; };
		6AC6CED423521F2700A1166A /* MazeBuilder.swift in Sources */ = {isa = PBXBuildFile; fileRef = 6AC6CED323521F2700A1166A /* MazeBuilder.swift */; };
		6AC6CED62352213E00A1166A /* MazeBuiltFromBuilder.swift in Sources */ = {isa = PBXBuildFile; fileRef = 6AC6CED52352213E00A1166A /* MazeBuiltFromBuilder.swift */; };
		6AC6CED82352216400A1166A /* StandardMazeBuilder.swift in Sources */ = {isa = PBXBuildFile; fileRef = 6AC6CED72352216400A1166A /* StandardMazeBuilder.swift */; };
		6AC6CEDA2352240400A1166A /* StandardMazeBuilderTests.swift in Sources */ = {isa = PBXBuildFile; fileRef = 6AC6CED92352240400A1166A /* StandardMazeBuilderTests.swift */; };
		6AC6CEDC2352E65600A1166A /* CountingMazeBuilder.swift in Sources */ = {isa = PBXBuildFile; fileRef = 6AC6CEDB2352E65600A1166A /* CountingMazeBuilder.swift */; };
		6AC6CEDE2352E6FA00A1166A /* CountingMazeBuilderTests.swift in Sources */ = {isa = PBXBuildFile; fileRef = 6AC6CEDD2352E6FA00A1166A /* CountingMazeBuilderTests.swift */; };
		6AC6CEE02352E98800A1166A /* CarBuilder.swift in Sources */ = {isa = PBXBuildFile; fileRef = 6AC6CEDF2352E98800A1166A /* CarBuilder.swift */; };
		6AC6CEE22352EAF500A1166A /* Car.swift in Sources */ = {isa = PBXBuildFile; fileRef = 6AC6CEE12352EAF500A1166A /* Car.swift */; };
		6AC6CEE42352EB9F00A1166A /* BenzCarBuilder.swift in Sources */ = {isa = PBXBuildFile; fileRef = 6AC6CEE32352EB9F00A1166A /* BenzCarBuilder.swift */; };
		6AC6CEE62352EE0700A1166A /* CarBuilderTests.swift in Sources */ = {isa = PBXBuildFile; fileRef = 6AC6CEE52352EE0700A1166A /* CarBuilderTests.swift */; };
		6AC6CEEB2353030100A1166A /* MazeGame.swift in Sources */ = {isa = PBXBuildFile; fileRef = 6AC6CEEA2353030100A1166A /* MazeGame.swift */; };
		6AC6CEED23535F4F00A1166A /* BombedMazeGame.swift in Sources */ = {isa = PBXBuildFile; fileRef = 6AC6CEEC23535F4F00A1166A /* BombedMazeGame.swift */; };
		6AC6CEEF23535FE700A1166A /* BombedMazeGameTests.swift in Sources */ = {isa = PBXBuildFile; fileRef = 6AC6CEEE23535FE700A1166A /* BombedMazeGameTests.swift */; };
		6AC6CEF123536F6400A1166A /* BookMaker.swift in Sources */ = {isa = PBXBuildFile; fileRef = 6AC6CEF023536F6400A1166A /* BookMaker.swift */; };
		6AC6CEF3235370D400A1166A /* MegazineMaker.swift in Sources */ = {isa = PBXBuildFile; fileRef = 6AC6CEF2235370D400A1166A /* MegazineMaker.swift */; };
		6AC6CEF5235372D800A1166A /* MegazineMakerTests.swift in Sources */ = {isa = PBXBuildFile; fileRef = 6AC6CEF4235372D800A1166A /* MegazineMakerTests.swift */; };
		6AC6CEFA23549FA000A1166A /* MazePrototypeFactory.swift in Sources */ = {isa = PBXBuildFile; fileRef = 6AC6CEF923549FA000A1166A /* MazePrototypeFactory.swift */; };
		6AC6CEFC2354A31A00A1166A /* MazePrototypeFactoryTests.swift in Sources */ = {isa = PBXBuildFile; fileRef = 6AC6CEFB2354A31A00A1166A /* MazePrototypeFactoryTests.swift */; };
		6AC6CEFE2354B7BC00A1166A /* PhonePrototypeFactory.swift in Sources */ = {isa = PBXBuildFile; fileRef = 6AC6CEFD2354B7BC00A1166A /* PhonePrototypeFactory.swift */; };
		6AC6CF002354C2F000A1166A /* PhonePrototypeFactoryTests.swift in Sources */ = {isa = PBXBuildFile; fileRef = 6AC6CEFF2354C2F000A1166A /* PhonePrototypeFactoryTests.swift */; };
		6ACA5047237FCF9D00990615 /* WindowProtocols.swift in Sources */ = {isa = PBXBuildFile; fileRef = 6ACA5046237FCF9D00990615 /* WindowProtocols.swift */; };
		6ACA5049237FD47000990615 /* Window.swift in Sources */ = {isa = PBXBuildFile; fileRef = 6ACA5048237FD47000990615 /* Window.swift */; };
		6ACA504B237FD47C00990615 /* PMWindowImp.swift in Sources */ = {isa = PBXBuildFile; fileRef = 6ACA504A237FD47C00990615 /* PMWindowImp.swift */; };
		6ACA504D237FD63800990615 /* XWindowImp.swift in Sources */ = {isa = PBXBuildFile; fileRef = 6ACA504C237FD63800990615 /* XWindowImp.swift */; };
		6ACA504F237FD86B00990615 /* WindowSystemFactory.swift in Sources */ = {isa = PBXBuildFile; fileRef = 6ACA504E237FD86B00990615 /* WindowSystemFactory.swift */; };
		6ACA5051237FDB7F00990615 /* WindowTests.swift in Sources */ = {isa = PBXBuildFile; fileRef = 6ACA5050237FDB7F00990615 /* WindowTests.swift */; };
		6ACA5054237FE0DE00990615 /* HybridView.swift in Sources */ = {isa = PBXBuildFile; fileRef = 6ACA5053237FE0DE00990615 /* HybridView.swift */; };
		6ACA5056238120EA00990615 /* HybridViewImp.swift in Sources */ = {isa = PBXBuildFile; fileRef = 6ACA5055238120EA00990615 /* HybridViewImp.swift */; };
		6ACA50582381224000990615 /* HybridViewFactory.swift in Sources */ = {isa = PBXBuildFile; fileRef = 6ACA50572381224000990615 /* HybridViewFactory.swift */; };
		6ACA505C238123DA00990615 /* HybridViewTests.swift in Sources */ = {isa = PBXBuildFile; fileRef = 6ACA505B238123DA00990615 /* HybridViewTests.swift */; };
		6ACBC0FD23A638F90076A87F /* Stream.swift in Sources */ = {isa = PBXBuildFile; fileRef = 6ACBC0FC23A638F90076A87F /* Stream.swift */; };
		6ACBC0FF23A63B110076A87F /* StreamTests.swift in Sources */ = {isa = PBXBuildFile; fileRef = 6ACBC0FE23A63B110076A87F /* StreamTests.swift */; };
		6ACBC10323A669CD0076A87F /* Compiler.swift in Sources */ = {isa = PBXBuildFile; fileRef = 6ACBC10223A669CD0076A87F /* Compiler.swift */; };
		6ACBC10523A66DA20076A87F /* CompilerTests.swift in Sources */ = {isa = PBXBuildFile; fileRef = 6ACBC10423A66DA20076A87F /* CompilerTests.swift */; };
		6ACBC10723A66E970076A87F /* Domain.swift in Sources */ = {isa = PBXBuildFile; fileRef = 6ACBC10623A66E970076A87F /* Domain.swift */; };
		6ACBC10923A672450076A87F /* DomainTests.swift in Sources */ = {isa = PBXBuildFile; fileRef = 6ACBC10823A672450076A87F /* DomainTests.swift */; };
		6ACC150B23A4B4A0006E6229 /* VisualComponentTests.swift in Sources */ = {isa = PBXBuildFile; fileRef = 6ACC150A23A4B4A0006E6229 /* VisualComponentTests.swift */; };
		6AD899D5238EBE3200395762 /* Equipment.swift in Sources */ = {isa = PBXBuildFile; fileRef = 6AD899D4238EBE3200395762 /* Equipment.swift */; };
		6AD899D7238EC02C00395762 /* FloppyDisk.swift in Sources */ = {isa = PBXBuildFile; fileRef = 6AD899D6238EC02C00395762 /* FloppyDisk.swift */; };
		6AD899D9238EC09C00395762 /* CompositeEquipment.swift in Sources */ = {isa = PBXBuildFile; fileRef = 6AD899D8238EC09C00395762 /* CompositeEquipment.swift */; };
		6AD899DB238EC1D100395762 /* EquipmentTests.swift in Sources */ = {isa = PBXBuildFile; fileRef = 6AD899DA238EC1D100395762 /* EquipmentTests.swift */; };
		6AD899DD238EC34900395762 /* TreeNode.swift in Sources */ = {isa = PBXBuildFile; fileRef = 6AD899DC238EC34900395762 /* TreeNode.swift */; };
		6AD899DF238EC38D00395762 /* TreeNodeTests.swift in Sources */ = {isa = PBXBuildFile; fileRef = 6AD899DE238EC38D00395762 /* TreeNodeTests.swift */; };
		6AF7FBC123A4996E0045D4F1 /* VisualComponent.swift in Sources */ = {isa = PBXBuildFile; fileRef = 6AF7FBC023A4996E0045D4F1 /* VisualComponent.swift */; };
		89719708233E0514007E6EDF /* AppDelegate.swift in Sources */ = {isa = PBXBuildFile; fileRef = 89719707233E0514007E6EDF /* AppDelegate.swift */; };
		8971970A233E0514007E6EDF /* SceneDelegate.swift in Sources */ = {isa = PBXBuildFile; fileRef = 89719709233E0514007E6EDF /* SceneDelegate.swift */; };
		8971970C233E0514007E6EDF /* ContentView.swift in Sources */ = {isa = PBXBuildFile; fileRef = 8971970B233E0514007E6EDF /* ContentView.swift */; };
		8971970E233E0515007E6EDF /* Assets.xcassets in Resources */ = {isa = PBXBuildFile; fileRef = 8971970D233E0515007E6EDF /* Assets.xcassets */; };
		89719711233E0515007E6EDF /* Preview Assets.xcassets in Resources */ = {isa = PBXBuildFile; fileRef = 89719710233E0515007E6EDF /* Preview Assets.xcassets */; };
		89719714233E0515007E6EDF /* LaunchScreen.storyboard in Resources */ = {isa = PBXBuildFile; fileRef = 89719712233E0515007E6EDF /* LaunchScreen.storyboard */; };
		8971971F233E0516007E6EDF /* DesignPattern_SwiftTests.swift in Sources */ = {isa = PBXBuildFile; fileRef = 8971971E233E0516007E6EDF /* DesignPattern_SwiftTests.swift */; };
		8971972A233E0516007E6EDF /* DesignPattern_SwiftUITests.swift in Sources */ = {isa = PBXBuildFile; fileRef = 89719729233E0516007E6EDF /* DesignPattern_SwiftUITests.swift */; };
/* End PBXBuildFile section */

/* Begin PBXContainerItemProxy section */
		8971971B233E0516007E6EDF /* PBXContainerItemProxy */ = {
			isa = PBXContainerItemProxy;
			containerPortal = 897196FC233E0514007E6EDF /* Project object */;
			proxyType = 1;
			remoteGlobalIDString = 89719703233E0514007E6EDF;
			remoteInfo = "DesignPattern-Swift";
		};
		89719726233E0516007E6EDF /* PBXContainerItemProxy */ = {
			isa = PBXContainerItemProxy;
			containerPortal = 897196FC233E0514007E6EDF /* Project object */;
			proxyType = 1;
			remoteGlobalIDString = 89719703233E0514007E6EDF;
			remoteInfo = "DesignPattern-Swift";
		};
/* End PBXContainerItemProxy section */

/* Begin PBXFileReference section */
		6A452C7923C37EF800E6253C /* Graphic.swift */ = {isa = PBXFileReference; lastKnownFileType = sourcecode.swift; path = Graphic.swift; sourceTree = "<group>"; };
		6A452C7B23C3821600E6253C /* GraphicTests.swift */ = {isa = PBXFileReference; lastKnownFileType = sourcecode.swift; path = GraphicTests.swift; sourceTree = "<group>"; };
		6A56DC9223C06FA000E8BCE7 /* FlyweightGlyph.swift */ = {isa = PBXFileReference; lastKnownFileType = sourcecode.swift; path = FlyweightGlyph.swift; sourceTree = "<group>"; };
		6A56DC9423C07AF100E8BCE7 /* FlyweightGlyphTests.swift */ = {isa = PBXFileReference; lastKnownFileType = sourcecode.swift; path = FlyweightGlyphTests.swift; sourceTree = "<group>"; };
		6A56DC9623C07C9100E8BCE7 /* FlyweightColor.swift */ = {isa = PBXFileReference; lastKnownFileType = sourcecode.swift; path = FlyweightColor.swift; sourceTree = "<group>"; };
		6A56DC9823C0945100E8BCE7 /* FlyweightColorTests.swift */ = {isa = PBXFileReference; lastKnownFileType = sourcecode.swift; path = FlyweightColorTests.swift; sourceTree = "<group>"; };
		6A9AA4AF2351F9F700BB4DBB /* MazeFactory.swift */ = {isa = PBXFileReference; lastKnownFileType = sourcecode.swift; path = MazeFactory.swift; sourceTree = "<group>"; };
		6A9AA4B32351FA6B00BB4DBB /* MapSite.swift */ = {isa = PBXFileReference; lastKnownFileType = sourcecode.swift; path = MapSite.swift; sourceTree = "<group>"; };
		6A9AA4B52351FA7300BB4DBB /* Room.swift */ = {isa = PBXFileReference; lastKnownFileType = sourcecode.swift; path = Room.swift; sourceTree = "<group>"; };
		6A9AA4B72351FA7A00BB4DBB /* Wall.swift */ = {isa = PBXFileReference; lastKnownFileType = sourcecode.swift; path = Wall.swift; sourceTree = "<group>"; };
		6A9AA4B92351FA8100BB4DBB /* Door.swift */ = {isa = PBXFileReference; lastKnownFileType = sourcecode.swift; path = Door.swift; sourceTree = "<group>"; };
		6A9AA4BB2351FA8E00BB4DBB /* Maze.swift */ = {isa = PBXFileReference; lastKnownFileType = sourcecode.swift; path = Maze.swift; sourceTree = "<group>"; };
		6A9AA4BD2351FB3D00BB4DBB /* Direction.swift */ = {isa = PBXFileReference; lastKnownFileType = sourcecode.swift; path = Direction.swift; sourceTree = "<group>"; };
		6A9E11FA242F25E60039FA51 /* HelpHandler.swift */ = {isa = PBXFileReference; lastKnownFileType = sourcecode.swift; path = HelpHandler.swift; sourceTree = "<group>"; };
		6A9E11FC242F2B350039FA51 /* HelpHandlerTests.swift */ = {isa = PBXFileReference; lastKnownFileType = sourcecode.swift; path = HelpHandlerTests.swift; sourceTree = "<group>"; };
		6AAD751E237EC3F50048DD90 /* SingletonMazeFactory.swift */ = {isa = PBXFileReference; lastKnownFileType = sourcecode.swift; path = SingletonMazeFactory.swift; sourceTree = "<group>"; };
		6AAD7520237EC4360048DD90 /* SingletonMazeFactoryTests.swift */ = {isa = PBXFileReference; lastKnownFileType = sourcecode.swift; path = SingletonMazeFactoryTests.swift; sourceTree = "<group>"; };
		6AAD7536237EC92D0048DD90 /* Shape.swift */ = {isa = PBXFileReference; lastKnownFileType = sourcecode.swift; path = Shape.swift; sourceTree = "<group>"; };
		6AAD7538237ECAC30048DD90 /* TextView.swift */ = {isa = PBXFileReference; lastKnownFileType = sourcecode.swift; path = TextView.swift; sourceTree = "<group>"; };
		6AAD753A237ECB7C0048DD90 /* TextShape.swift */ = {isa = PBXFileReference; lastKnownFileType = sourcecode.swift; path = TextShape.swift; sourceTree = "<group>"; };
		6AAD753D237ECEB10048DD90 /* FirstResponderConvertible.swift */ = {isa = PBXFileReference; lastKnownFileType = sourcecode.swift; path = FirstResponderConvertible.swift; sourceTree = "<group>"; };
		6AAD753F237ECF060048DD90 /* Control.swift */ = {isa = PBXFileReference; lastKnownFileType = sourcecode.swift; path = Control.swift; sourceTree = "<group>"; };
		6AAD7541237ECFAB0048DD90 /* ImageView.swift */ = {isa = PBXFileReference; lastKnownFileType = sourcecode.swift; path = ImageView.swift; sourceTree = "<group>"; };
		6AAD7543237ED0E70048DD90 /* TextShapeTests.swift */ = {isa = PBXFileReference; lastKnownFileType = sourcecode.swift; path = TextShapeTests.swift; sourceTree = "<group>"; };
		6AAD7545237ED5A90048DD90 /* ControlTests.swift */ = {isa = PBXFileReference; lastKnownFileType = sourcecode.swift; path = ControlTests.swift; sourceTree = "<group>"; };
		6AC6CEBE2352009700A1166A /* EnchantedMazeFactory.swift */ = {isa = PBXFileReference; lastKnownFileType = sourcecode.swift; path = EnchantedMazeFactory.swift; sourceTree = "<group>"; };
		6AC6CEC0235201A300A1166A /* EnchantedFactoryTests.swift */ = {isa = PBXFileReference; lastKnownFileType = sourcecode.swift; path = EnchantedFactoryTests.swift; sourceTree = "<group>"; };
		6AC6CEC3235202C100A1166A /* Phone.swift */ = {isa = PBXFileReference; lastKnownFileType = sourcecode.swift; path = Phone.swift; sourceTree = "<group>"; };
		6AC6CEC52352038800A1166A /* NokiaPhone.swift */ = {isa = PBXFileReference; lastKnownFileType = sourcecode.swift; path = NokiaPhone.swift; sourceTree = "<group>"; };
		6AC6CEC72352069D00A1166A /* iPhone.swift */ = {isa = PBXFileReference; lastKnownFileType = sourcecode.swift; path = iPhone.swift; sourceTree = "<group>"; };
		6AC6CEC9235206D700A1166A /* PhoneFactory.swift */ = {isa = PBXFileReference; lastKnownFileType = sourcecode.swift; path = PhoneFactory.swift; sourceTree = "<group>"; };
		6AC6CECB2352076000A1166A /* PhoneShopTests.swift */ = {isa = PBXFileReference; lastKnownFileType = sourcecode.swift; path = PhoneShopTests.swift; sourceTree = "<group>"; };
		6AC6CECD235207F600A1166A /* PhoneShop.swift */ = {isa = PBXFileReference; lastKnownFileType = sourcecode.swift; path = PhoneShop.swift; sourceTree = "<group>"; };
		6AC6CED323521F2700A1166A /* MazeBuilder.swift */ = {isa = PBXFileReference; lastKnownFileType = sourcecode.swift; path = MazeBuilder.swift; sourceTree = "<group>"; };
		6AC6CED52352213E00A1166A /* MazeBuiltFromBuilder.swift */ = {isa = PBXFileReference; lastKnownFileType = sourcecode.swift; path = MazeBuiltFromBuilder.swift; sourceTree = "<group>"; };
		6AC6CED72352216400A1166A /* StandardMazeBuilder.swift */ = {isa = PBXFileReference; lastKnownFileType = sourcecode.swift; path = StandardMazeBuilder.swift; sourceTree = "<group>"; };
		6AC6CED92352240400A1166A /* StandardMazeBuilderTests.swift */ = {isa = PBXFileReference; lastKnownFileType = sourcecode.swift; path = StandardMazeBuilderTests.swift; sourceTree = "<group>"; };
		6AC6CEDB2352E65600A1166A /* CountingMazeBuilder.swift */ = {isa = PBXFileReference; lastKnownFileType = sourcecode.swift; path = CountingMazeBuilder.swift; sourceTree = "<group>"; };
		6AC6CEDD2352E6FA00A1166A /* CountingMazeBuilderTests.swift */ = {isa = PBXFileReference; lastKnownFileType = sourcecode.swift; path = CountingMazeBuilderTests.swift; sourceTree = "<group>"; };
		6AC6CEDF2352E98800A1166A /* CarBuilder.swift */ = {isa = PBXFileReference; lastKnownFileType = sourcecode.swift; path = CarBuilder.swift; sourceTree = "<group>"; };
		6AC6CEE12352EAF500A1166A /* Car.swift */ = {isa = PBXFileReference; lastKnownFileType = sourcecode.swift; path = Car.swift; sourceTree = "<group>"; };
		6AC6CEE32352EB9F00A1166A /* BenzCarBuilder.swift */ = {isa = PBXFileReference; lastKnownFileType = sourcecode.swift; path = BenzCarBuilder.swift; sourceTree = "<group>"; };
		6AC6CEE52352EE0700A1166A /* CarBuilderTests.swift */ = {isa = PBXFileReference; lastKnownFileType = sourcecode.swift; path = CarBuilderTests.swift; sourceTree = "<group>"; };
		6AC6CEEA2353030100A1166A /* MazeGame.swift */ = {isa = PBXFileReference; lastKnownFileType = sourcecode.swift; path = MazeGame.swift; sourceTree = "<group>"; };
		6AC6CEEC23535F4F00A1166A /* BombedMazeGame.swift */ = {isa = PBXFileReference; lastKnownFileType = sourcecode.swift; path = BombedMazeGame.swift; sourceTree = "<group>"; };
		6AC6CEEE23535FE700A1166A /* BombedMazeGameTests.swift */ = {isa = PBXFileReference; lastKnownFileType = sourcecode.swift; path = BombedMazeGameTests.swift; sourceTree = "<group>"; };
		6AC6CEF023536F6400A1166A /* BookMaker.swift */ = {isa = PBXFileReference; lastKnownFileType = sourcecode.swift; path = BookMaker.swift; sourceTree = "<group>"; };
		6AC6CEF2235370D400A1166A /* MegazineMaker.swift */ = {isa = PBXFileReference; lastKnownFileType = sourcecode.swift; path = MegazineMaker.swift; sourceTree = "<group>"; };
		6AC6CEF4235372D800A1166A /* MegazineMakerTests.swift */ = {isa = PBXFileReference; lastKnownFileType = sourcecode.swift; path = MegazineMakerTests.swift; sourceTree = "<group>"; };
		6AC6CEF923549FA000A1166A /* MazePrototypeFactory.swift */ = {isa = PBXFileReference; lastKnownFileType = sourcecode.swift; path = MazePrototypeFactory.swift; sourceTree = "<group>"; };
		6AC6CEFB2354A31A00A1166A /* MazePrototypeFactoryTests.swift */ = {isa = PBXFileReference; lastKnownFileType = sourcecode.swift; path = MazePrototypeFactoryTests.swift; sourceTree = "<group>"; };
		6AC6CEFD2354B7BC00A1166A /* PhonePrototypeFactory.swift */ = {isa = PBXFileReference; lastKnownFileType = sourcecode.swift; path = PhonePrototypeFactory.swift; sourceTree = "<group>"; };
		6AC6CEFF2354C2F000A1166A /* PhonePrototypeFactoryTests.swift */ = {isa = PBXFileReference; lastKnownFileType = sourcecode.swift; path = PhonePrototypeFactoryTests.swift; sourceTree = "<group>"; };
		6ACA5046237FCF9D00990615 /* WindowProtocols.swift */ = {isa = PBXFileReference; lastKnownFileType = sourcecode.swift; path = WindowProtocols.swift; sourceTree = "<group>"; };
		6ACA5048237FD47000990615 /* Window.swift */ = {isa = PBXFileReference; lastKnownFileType = sourcecode.swift; path = Window.swift; sourceTree = "<group>"; };
		6ACA504A237FD47C00990615 /* PMWindowImp.swift */ = {isa = PBXFileReference; lastKnownFileType = sourcecode.swift; path = PMWindowImp.swift; sourceTree = "<group>"; };
		6ACA504C237FD63800990615 /* XWindowImp.swift */ = {isa = PBXFileReference; lastKnownFileType = sourcecode.swift; path = XWindowImp.swift; sourceTree = "<group>"; };
		6ACA504E237FD86B00990615 /* WindowSystemFactory.swift */ = {isa = PBXFileReference; lastKnownFileType = sourcecode.swift; path = WindowSystemFactory.swift; sourceTree = "<group>"; };
		6ACA5050237FDB7F00990615 /* WindowTests.swift */ = {isa = PBXFileReference; lastKnownFileType = sourcecode.swift; path = WindowTests.swift; sourceTree = "<group>"; };
		6ACA5053237FE0DE00990615 /* HybridView.swift */ = {isa = PBXFileReference; lastKnownFileType = sourcecode.swift; path = HybridView.swift; sourceTree = "<group>"; };
		6ACA5055238120EA00990615 /* HybridViewImp.swift */ = {isa = PBXFileReference; lastKnownFileType = sourcecode.swift; path = HybridViewImp.swift; sourceTree = "<group>"; };
		6ACA50572381224000990615 /* HybridViewFactory.swift */ = {isa = PBXFileReference; lastKnownFileType = sourcecode.swift; path = HybridViewFactory.swift; sourceTree = "<group>"; };
		6ACA505B238123DA00990615 /* HybridViewTests.swift */ = {isa = PBXFileReference; lastKnownFileType = sourcecode.swift; path = HybridViewTests.swift; sourceTree = "<group>"; };
		6ACBC0FC23A638F90076A87F /* Stream.swift */ = {isa = PBXFileReference; lastKnownFileType = sourcecode.swift; path = Stream.swift; sourceTree = "<group>"; };
		6ACBC0FE23A63B110076A87F /* StreamTests.swift */ = {isa = PBXFileReference; lastKnownFileType = sourcecode.swift; path = StreamTests.swift; sourceTree = "<group>"; };
		6ACBC10223A669CD0076A87F /* Compiler.swift */ = {isa = PBXFileReference; lastKnownFileType = sourcecode.swift; path = Compiler.swift; sourceTree = "<group>"; };
		6ACBC10423A66DA20076A87F /* CompilerTests.swift */ = {isa = PBXFileReference; lastKnownFileType = sourcecode.swift; path = CompilerTests.swift; sourceTree = "<group>"; };
		6ACBC10623A66E970076A87F /* Domain.swift */ = {isa = PBXFileReference; lastKnownFileType = sourcecode.swift; path = Domain.swift; sourceTree = "<group>"; };
		6ACBC10823A672450076A87F /* DomainTests.swift */ = {isa = PBXFileReference; lastKnownFileType = sourcecode.swift; path = DomainTests.swift; sourceTree = "<group>"; };
		6ACC150A23A4B4A0006E6229 /* VisualComponentTests.swift */ = {isa = PBXFileReference; lastKnownFileType = sourcecode.swift; path = VisualComponentTests.swift; sourceTree = "<group>"; };
		6AD899D4238EBE3200395762 /* Equipment.swift */ = {isa = PBXFileReference; lastKnownFileType = sourcecode.swift; path = Equipment.swift; sourceTree = "<group>"; };
		6AD899D6238EC02C00395762 /* FloppyDisk.swift */ = {isa = PBXFileReference; lastKnownFileType = sourcecode.swift; path = FloppyDisk.swift; sourceTree = "<group>"; };
		6AD899D8238EC09C00395762 /* CompositeEquipment.swift */ = {isa = PBXFileReference; lastKnownFileType = sourcecode.swift; path = CompositeEquipment.swift; sourceTree = "<group>"; };
		6AD899DA238EC1D100395762 /* EquipmentTests.swift */ = {isa = PBXFileReference; lastKnownFileType = sourcecode.swift; path = EquipmentTests.swift; sourceTree = "<group>"; };
		6AD899DC238EC34900395762 /* TreeNode.swift */ = {isa = PBXFileReference; lastKnownFileType = sourcecode.swift; path = TreeNode.swift; sourceTree = "<group>"; };
		6AD899DE238EC38D00395762 /* TreeNodeTests.swift */ = {isa = PBXFileReference; lastKnownFileType = sourcecode.swift; path = TreeNodeTests.swift; sourceTree = "<group>"; };
		6AF7FBC023A4996E0045D4F1 /* VisualComponent.swift */ = {isa = PBXFileReference; lastKnownFileType = sourcecode.swift; path = VisualComponent.swift; sourceTree = "<group>"; };
		89719704233E0514007E6EDF /* DesignPattern-Swift.app */ = {isa = PBXFileReference; explicitFileType = wrapper.application; includeInIndex = 0; path = "DesignPattern-Swift.app"; sourceTree = BUILT_PRODUCTS_DIR; };
		89719707233E0514007E6EDF /* AppDelegate.swift */ = {isa = PBXFileReference; lastKnownFileType = sourcecode.swift; path = AppDelegate.swift; sourceTree = "<group>"; };
		89719709233E0514007E6EDF /* SceneDelegate.swift */ = {isa = PBXFileReference; lastKnownFileType = sourcecode.swift; path = SceneDelegate.swift; sourceTree = "<group>"; };
		8971970B233E0514007E6EDF /* ContentView.swift */ = {isa = PBXFileReference; lastKnownFileType = sourcecode.swift; path = ContentView.swift; sourceTree = "<group>"; };
		8971970D233E0515007E6EDF /* Assets.xcassets */ = {isa = PBXFileReference; lastKnownFileType = folder.assetcatalog; path = Assets.xcassets; sourceTree = "<group>"; };
		89719710233E0515007E6EDF /* Preview Assets.xcassets */ = {isa = PBXFileReference; lastKnownFileType = folder.assetcatalog; path = "Preview Assets.xcassets"; sourceTree = "<group>"; };
		89719713233E0515007E6EDF /* Base */ = {isa = PBXFileReference; lastKnownFileType = file.storyboard; name = Base; path = Base.lproj/LaunchScreen.storyboard; sourceTree = "<group>"; };
		89719715233E0515007E6EDF /* Info.plist */ = {isa = PBXFileReference; lastKnownFileType = text.plist.xml; path = Info.plist; sourceTree = "<group>"; };
		8971971A233E0516007E6EDF /* DesignPattern-SwiftTests.xctest */ = {isa = PBXFileReference; explicitFileType = wrapper.cfbundle; includeInIndex = 0; path = "DesignPattern-SwiftTests.xctest"; sourceTree = BUILT_PRODUCTS_DIR; };
		8971971E233E0516007E6EDF /* DesignPattern_SwiftTests.swift */ = {isa = PBXFileReference; lastKnownFileType = sourcecode.swift; path = DesignPattern_SwiftTests.swift; sourceTree = "<group>"; };
		89719720233E0516007E6EDF /* Info.plist */ = {isa = PBXFileReference; lastKnownFileType = text.plist.xml; path = Info.plist; sourceTree = "<group>"; };
		89719725233E0516007E6EDF /* DesignPattern-SwiftUITests.xctest */ = {isa = PBXFileReference; explicitFileType = wrapper.cfbundle; includeInIndex = 0; path = "DesignPattern-SwiftUITests.xctest"; sourceTree = BUILT_PRODUCTS_DIR; };
		89719729233E0516007E6EDF /* DesignPattern_SwiftUITests.swift */ = {isa = PBXFileReference; lastKnownFileType = sourcecode.swift; path = DesignPattern_SwiftUITests.swift; sourceTree = "<group>"; };
		8971972B233E0516007E6EDF /* Info.plist */ = {isa = PBXFileReference; lastKnownFileType = text.plist.xml; path = Info.plist; sourceTree = "<group>"; };
/* End PBXFileReference section */

/* Begin PBXFrameworksBuildPhase section */
		89719701233E0514007E6EDF /* Frameworks */ = {
			isa = PBXFrameworksBuildPhase;
			buildActionMask = 2147483647;
			files = (
			);
			runOnlyForDeploymentPostprocessing = 0;
		};
		89719717233E0515007E6EDF /* Frameworks */ = {
			isa = PBXFrameworksBuildPhase;
			buildActionMask = 2147483647;
			files = (
			);
			runOnlyForDeploymentPostprocessing = 0;
		};
		89719722233E0516007E6EDF /* Frameworks */ = {
			isa = PBXFrameworksBuildPhase;
			buildActionMask = 2147483647;
			files = (
			);
			runOnlyForDeploymentPostprocessing = 0;
		};
/* End PBXFrameworksBuildPhase section */

/* Begin PBXGroup section */
		6A56DC9023C06E7F00E8BCE7 /* BookDemo */ = {
			isa = PBXGroup;
			children = (
				6A56DC9223C06FA000E8BCE7 /* FlyweightGlyph.swift */,
				6A56DC9423C07AF100E8BCE7 /* FlyweightGlyphTests.swift */,
			);
			path = BookDemo;
			sourceTree = "<group>";
		};
		6A56DC9123C06E9200E8BCE7 /* MyDemo */ = {
			isa = PBXGroup;
			children = (
				6A56DC9623C07C9100E8BCE7 /* FlyweightColor.swift */,
				6A56DC9823C0945100E8BCE7 /* FlyweightColorTests.swift */,
			);
			path = MyDemo;
			sourceTree = "<group>";
		};
		6A9AA4B12351FA5000BB4DBB /* Creational */ = {
			isa = PBXGroup;
			children = (
				6AC6CECF235208CF00A1166A /* AbstractFactory */,
				6AC6CED02352180100A1166A /* Builder */,
				6AC6CEE7235302D400A1166A /* Factory Method */,
				6AC6CEF623549F4600A1166A /* Prototype */,
				6AAD751C237EC2240048DD90 /* Singleton */,
			);
			path = Creational;
			sourceTree = "<group>";
		};
		6A9AA4B22351FA5A00BB4DBB /* MazeFactory */ = {
			isa = PBXGroup;
			children = (
				6A9AA4AF2351F9F700BB4DBB /* MazeFactory.swift */,
				6AC6CEBE2352009700A1166A /* EnchantedMazeFactory.swift */,
			);
			path = MazeFactory;
			sourceTree = "<group>";
		};
		6A9AA4BF2351FD9100BB4DBB /* BookDemo */ = {
			isa = PBXGroup;
			children = (
				6A9AA4B22351FA5A00BB4DBB /* MazeFactory */,
				6A9AA4BD2351FB3D00BB4DBB /* Direction.swift */,
				6A9AA4B32351FA6B00BB4DBB /* MapSite.swift */,
				6A9AA4B52351FA7300BB4DBB /* Room.swift */,
				6A9AA4B72351FA7A00BB4DBB /* Wall.swift */,
				6A9AA4B92351FA8100BB4DBB /* Door.swift */,
				6A9AA4BB2351FA8E00BB4DBB /* Maze.swift */,
				6AC6CEC0235201A300A1166A /* EnchantedFactoryTests.swift */,
			);
			path = BookDemo;
			sourceTree = "<group>";
		};
		6AAD751C237EC2240048DD90 /* Singleton */ = {
			isa = PBXGroup;
			children = (
				6AAD751D237EC22E0048DD90 /* BookDemo */,
			);
			path = Singleton;
			sourceTree = "<group>";
		};
		6AAD751D237EC22E0048DD90 /* BookDemo */ = {
			isa = PBXGroup;
			children = (
				6AAD751E237EC3F50048DD90 /* SingletonMazeFactory.swift */,
				6AAD7520237EC4360048DD90 /* SingletonMazeFactoryTests.swift */,
			);
			path = BookDemo;
			sourceTree = "<group>";
		};
		6AAD7522237EC4C90048DD90 /* Structural */ = {
			isa = PBXGroup;
			children = (
				6AAD7529237EC55B0048DD90 /* Adapter */,
				6AAD7528237EC5530048DD90 /* Bridge */,
				6AAD7527237EC5430048DD90 /* Composite */,
				6AAD7526237EC53B0048DD90 /* Decorator */,
				6AAD7525237EC5280048DD90 /* Facade */,
				6AAD7524237EC5060048DD90 /* FlyWeight */,
				6AAD7523237EC4EC0048DD90 /* Proxy */,
			);
			path = Structural;
			sourceTree = "<group>";
		};
		6AAD7523237EC4EC0048DD90 /* Proxy */ = {
			isa = PBXGroup;
			children = (
				6A452C7923C37EF800E6253C /* Graphic.swift */,
				6A452C7B23C3821600E6253C /* GraphicTests.swift */,
			);
			path = Proxy;
			sourceTree = "<group>";
		};
		6AAD7524237EC5060048DD90 /* FlyWeight */ = {
			isa = PBXGroup;
			children = (
				6A56DC9123C06E9200E8BCE7 /* MyDemo */,
				6A56DC9023C06E7F00E8BCE7 /* BookDemo */,
			);
			path = FlyWeight;
			sourceTree = "<group>";
		};
		6AAD7525237EC5280048DD90 /* Facade */ = {
			isa = PBXGroup;
			children = (
				6ACBC10123A669970076A87F /* MyDemo */,
				6ACBC10023A669900076A87F /* BookDemo */,
			);
			path = Facade;
			sourceTree = "<group>";
		};
		6AAD7526237EC53B0048DD90 /* Decorator */ = {
			isa = PBXGroup;
			children = (
				6AF7FBBF23A499580045D4F1 /* MyDemo */,
				6AF7FBBE23A499490045D4F1 /* BookDemo */,
			);
			path = Decorator;
			sourceTree = "<group>";
		};
		6AAD7527237EC5430048DD90 /* Composite */ = {
			isa = PBXGroup;
			children = (
				6AD899D3238EBE0600395762 /* MyDemo */,
				6AD899D2238EBDFE00395762 /* BookDemo */,
			);
			path = Composite;
			sourceTree = "<group>";
		};
		6AAD7528237EC5530048DD90 /* Bridge */ = {
			isa = PBXGroup;
			children = (
				6ACA5052237FE04100990615 /* MyDemo */,
				6ACA5045237FCF7500990615 /* BookDemo */,
			);
			path = Bridge;
			sourceTree = "<group>";
		};
		6AAD7529237EC55B0048DD90 /* Adapter */ = {
			isa = PBXGroup;
			children = (
				6AAD753C237ECE630048DD90 /* MyDemo */,
				6AAD752A237EC57A0048DD90 /* BookDemo */,
			);
			path = Adapter;
			sourceTree = "<group>";
		};
		6AAD752A237EC57A0048DD90 /* BookDemo */ = {
			isa = PBXGroup;
			children = (
				6AAD7536237EC92D0048DD90 /* Shape.swift */,
				6AAD7538237ECAC30048DD90 /* TextView.swift */,
				6AAD753A237ECB7C0048DD90 /* TextShape.swift */,
				6AAD7543237ED0E70048DD90 /* TextShapeTests.swift */,
			);
			path = BookDemo;
			sourceTree = "<group>";
		};
		6AAD752B237EC5920048DD90 /* Behavioral */ = {
			isa = PBXGroup;
			children = (
				6AAD7535237EC60E0048DD90 /* Chain of Responsibility */,
				6AAD7534237EC6060048DD90 /* Command */,
				6AAD7533237EC5FA0048DD90 /* Interpreter */,
				6AAD7532237EC5EF0048DD90 /* Iterator */,
				6AAD7531237EC5E60048DD90 /* Mediator */,
				6AAD7530237EC5D70048DD90 /* Memento */,
				6AAD752F237EC5D20048DD90 /* Observer */,
				6AAD752E237EC5C90048DD90 /* Strategy */,
				6AAD752D237EC5AF0048DD90 /* Template Method */,
				6AAD752C237EC5A80048DD90 /* Vistor */,
			);
			path = Behavioral;
			sourceTree = "<group>";
		};
		6AAD752C237EC5A80048DD90 /* Vistor */ = {
			isa = PBXGroup;
			children = (
			);
			path = Vistor;
			sourceTree = "<group>";
		};
		6AAD752D237EC5AF0048DD90 /* Template Method */ = {
			isa = PBXGroup;
			children = (
			);
			path = "Template Method";
			sourceTree = "<group>";
		};
		6AAD752E237EC5C90048DD90 /* Strategy */ = {
			isa = PBXGroup;
			children = (
			);
			path = Strategy;
			sourceTree = "<group>";
		};
		6AAD752F237EC5D20048DD90 /* Observer */ = {
			isa = PBXGroup;
			children = (
			);
			path = Observer;
			sourceTree = "<group>";
		};
		6AAD7530237EC5D70048DD90 /* Memento */ = {
			isa = PBXGroup;
			children = (
			);
			path = Memento;
			sourceTree = "<group>";
		};
		6AAD7531237EC5E60048DD90 /* Mediator */ = {
			isa = PBXGroup;
			children = (
			);
			path = Mediator;
			sourceTree = "<group>";
		};
		6AAD7532237EC5EF0048DD90 /* Iterator */ = {
			isa = PBXGroup;
			children = (
			);
			path = Iterator;
			sourceTree = "<group>";
		};
		6AAD7533237EC5FA0048DD90 /* Interpreter */ = {
			isa = PBXGroup;
			children = (
			);
			path = Interpreter;
			sourceTree = "<group>";
		};
		6AAD7534237EC6060048DD90 /* Command */ = {
			isa = PBXGroup;
			children = (
			);
			path = Command;
			sourceTree = "<group>";
		};
		6AAD7535237EC60E0048DD90 /* Chain of Responsibility */ = {
			isa = PBXGroup;
			children = (
				6A9E11FA242F25E60039FA51 /* HelpHandler.swift */,
				6A9E11FC242F2B350039FA51 /* HelpHandlerTests.swift */,
			);
			path = "Chain of Responsibility";
			sourceTree = "<group>";
		};
		6AAD753C237ECE630048DD90 /* MyDemo */ = {
			isa = PBXGroup;
			children = (
				6AAD753D237ECEB10048DD90 /* FirstResponderConvertible.swift */,
				6AAD753F237ECF060048DD90 /* Control.swift */,
				6AAD7541237ECFAB0048DD90 /* ImageView.swift */,
				6AAD7545237ED5A90048DD90 /* ControlTests.swift */,
			);
			path = MyDemo;
			sourceTree = "<group>";
		};
		6AC6CEC2235202A800A1166A /* MyDemo */ = {
			isa = PBXGroup;
			children = (
				6AC6CEC3235202C100A1166A /* Phone.swift */,
				6AC6CEC52352038800A1166A /* NokiaPhone.swift */,
				6AC6CEC72352069D00A1166A /* iPhone.swift */,
				6AC6CEC9235206D700A1166A /* PhoneFactory.swift */,
				6AC6CECD235207F600A1166A /* PhoneShop.swift */,
				6AC6CECB2352076000A1166A /* PhoneShopTests.swift */,
			);
			path = MyDemo;
			sourceTree = "<group>";
		};
		6AC6CECF235208CF00A1166A /* AbstractFactory */ = {
			isa = PBXGroup;
			children = (
				6AC6CEC2235202A800A1166A /* MyDemo */,
				6A9AA4BF2351FD9100BB4DBB /* BookDemo */,
			);
			path = AbstractFactory;
			sourceTree = "<group>";
		};
		6AC6CED02352180100A1166A /* Builder */ = {
			isa = PBXGroup;
			children = (
				6AC6CED223521EEA00A1166A /* MyDemo */,
				6AC6CED123521EE400A1166A /* BookDemo */,
			);
			path = Builder;
			sourceTree = "<group>";
		};
		6AC6CED123521EE400A1166A /* BookDemo */ = {
			isa = PBXGroup;
			children = (
				6AC6CED323521F2700A1166A /* MazeBuilder.swift */,
				6AC6CED52352213E00A1166A /* MazeBuiltFromBuilder.swift */,
				6AC6CED72352216400A1166A /* StandardMazeBuilder.swift */,
				6AC6CEDB2352E65600A1166A /* CountingMazeBuilder.swift */,
				6AC6CED92352240400A1166A /* StandardMazeBuilderTests.swift */,
				6AC6CEDD2352E6FA00A1166A /* CountingMazeBuilderTests.swift */,
			);
			path = BookDemo;
			sourceTree = "<group>";
		};
		6AC6CED223521EEA00A1166A /* MyDemo */ = {
			isa = PBXGroup;
			children = (
				6AC6CEDF2352E98800A1166A /* CarBuilder.swift */,
				6AC6CEE12352EAF500A1166A /* Car.swift */,
				6AC6CEE32352EB9F00A1166A /* BenzCarBuilder.swift */,
				6AC6CEE52352EE0700A1166A /* CarBuilderTests.swift */,
			);
			path = MyDemo;
			sourceTree = "<group>";
		};
		6AC6CEE7235302D400A1166A /* Factory Method */ = {
			isa = PBXGroup;
			children = (
				6AC6CEE9235302EE00A1166A /* MyDemo */,
				6AC6CEE8235302E700A1166A /* BookDemo */,
			);
			path = "Factory Method";
			sourceTree = "<group>";
		};
		6AC6CEE8235302E700A1166A /* BookDemo */ = {
			isa = PBXGroup;
			children = (
				6AC6CEEA2353030100A1166A /* MazeGame.swift */,
				6AC6CEEC23535F4F00A1166A /* BombedMazeGame.swift */,
				6AC6CEEE23535FE700A1166A /* BombedMazeGameTests.swift */,
			);
			path = BookDemo;
			sourceTree = "<group>";
		};
		6AC6CEE9235302EE00A1166A /* MyDemo */ = {
			isa = PBXGroup;
			children = (
				6AC6CEF023536F6400A1166A /* BookMaker.swift */,
				6AC6CEF2235370D400A1166A /* MegazineMaker.swift */,
				6AC6CEF4235372D800A1166A /* MegazineMakerTests.swift */,
			);
			path = MyDemo;
			sourceTree = "<group>";
		};
		6AC6CEF623549F4600A1166A /* Prototype */ = {
			isa = PBXGroup;
			children = (
				6AC6CEF823549F8B00A1166A /* MyDemo */,
				6AC6CEF723549F8600A1166A /* BookDemo */,
			);
			path = Prototype;
			sourceTree = "<group>";
		};
		6AC6CEF723549F8600A1166A /* BookDemo */ = {
			isa = PBXGroup;
			children = (
				6AC6CEF923549FA000A1166A /* MazePrototypeFactory.swift */,
				6AC6CEFB2354A31A00A1166A /* MazePrototypeFactoryTests.swift */,
			);
			path = BookDemo;
			sourceTree = "<group>";
		};
		6AC6CEF823549F8B00A1166A /* MyDemo */ = {
			isa = PBXGroup;
			children = (
				6AC6CEFD2354B7BC00A1166A /* PhonePrototypeFactory.swift */,
				6AC6CEFF2354C2F000A1166A /* PhonePrototypeFactoryTests.swift */,
			);
			path = MyDemo;
			sourceTree = "<group>";
		};
		6ACA5045237FCF7500990615 /* BookDemo */ = {
			isa = PBXGroup;
			children = (
				6ACA5046237FCF9D00990615 /* WindowProtocols.swift */,
				6ACA5048237FD47000990615 /* Window.swift */,
				6ACA504A237FD47C00990615 /* PMWindowImp.swift */,
				6ACA504C237FD63800990615 /* XWindowImp.swift */,
				6ACA504E237FD86B00990615 /* WindowSystemFactory.swift */,
				6ACA5050237FDB7F00990615 /* WindowTests.swift */,
			);
			path = BookDemo;
			sourceTree = "<group>";
		};
		6ACA5052237FE04100990615 /* MyDemo */ = {
			isa = PBXGroup;
			children = (
				6ACA5053237FE0DE00990615 /* HybridView.swift */,
				6ACA5055238120EA00990615 /* HybridViewImp.swift */,
				6ACA50572381224000990615 /* HybridViewFactory.swift */,
				6ACA505B238123DA00990615 /* HybridViewTests.swift */,
			);
			path = MyDemo;
			sourceTree = "<group>";
		};
		6ACBC10023A669900076A87F /* BookDemo */ = {
			isa = PBXGroup;
			children = (
				6ACBC10223A669CD0076A87F /* Compiler.swift */,
				6ACBC10423A66DA20076A87F /* CompilerTests.swift */,
			);
			path = BookDemo;
			sourceTree = "<group>";
		};
		6ACBC10123A669970076A87F /* MyDemo */ = {
			isa = PBXGroup;
			children = (
				6ACBC10623A66E970076A87F /* Domain.swift */,
				6ACBC10823A672450076A87F /* DomainTests.swift */,
			);
			path = MyDemo;
			sourceTree = "<group>";
		};
		6AD899D2238EBDFE00395762 /* BookDemo */ = {
			isa = PBXGroup;
			children = (
				6AD899D4238EBE3200395762 /* Equipment.swift */,
				6AD899D6238EC02C00395762 /* FloppyDisk.swift */,
				6AD899D8238EC09C00395762 /* CompositeEquipment.swift */,
				6AD899DA238EC1D100395762 /* EquipmentTests.swift */,
			);
			path = BookDemo;
			sourceTree = "<group>";
		};
		6AD899D3238EBE0600395762 /* MyDemo */ = {
			isa = PBXGroup;
			children = (
				6AD899DC238EC34900395762 /* TreeNode.swift */,
				6AD899DE238EC38D00395762 /* TreeNodeTests.swift */,
			);
			path = MyDemo;
			sourceTree = "<group>";
		};
		6AF7FBBE23A499490045D4F1 /* BookDemo */ = {
			isa = PBXGroup;
			children = (
				6AF7FBC023A4996E0045D4F1 /* VisualComponent.swift */,
				6ACC150A23A4B4A0006E6229 /* VisualComponentTests.swift */,
			);
			path = BookDemo;
			sourceTree = "<group>";
		};
		6AF7FBBF23A499580045D4F1 /* MyDemo */ = {
			isa = PBXGroup;
			children = (
				6ACBC0FC23A638F90076A87F /* Stream.swift */,
				6ACBC0FE23A63B110076A87F /* StreamTests.swift */,
			);
			path = MyDemo;
			sourceTree = "<group>";
		};
		897196FB233E0514007E6EDF = {
			isa = PBXGroup;
			children = (
				89719706233E0514007E6EDF /* DesignPattern-Swift */,
				8971971D233E0516007E6EDF /* DesignPattern-SwiftTests */,
				89719728233E0516007E6EDF /* DesignPattern-SwiftUITests */,
				89719705233E0514007E6EDF /* Products */,
			);
			sourceTree = "<group>";
		};
		89719705233E0514007E6EDF /* Products */ = {
			isa = PBXGroup;
			children = (
				89719704233E0514007E6EDF /* DesignPattern-Swift.app */,
				8971971A233E0516007E6EDF /* DesignPattern-SwiftTests.xctest */,
				89719725233E0516007E6EDF /* DesignPattern-SwiftUITests.xctest */,
			);
			name = Products;
			sourceTree = "<group>";
		};
		89719706233E0514007E6EDF /* DesignPattern-Swift */ = {
			isa = PBXGroup;
			children = (
				89719707233E0514007E6EDF /* AppDelegate.swift */,
				89719709233E0514007E6EDF /* SceneDelegate.swift */,
				8971970B233E0514007E6EDF /* ContentView.swift */,
				8971970D233E0515007E6EDF /* Assets.xcassets */,
				89719712233E0515007E6EDF /* LaunchScreen.storyboard */,
				89719715233E0515007E6EDF /* Info.plist */,
				8971970F233E0515007E6EDF /* Preview Content */,
			);
			path = "DesignPattern-Swift";
			sourceTree = "<group>";
		};
		8971970F233E0515007E6EDF /* Preview Content */ = {
			isa = PBXGroup;
			children = (
				89719710233E0515007E6EDF /* Preview Assets.xcassets */,
			);
			path = "Preview Content";
			sourceTree = "<group>";
		};
		8971971D233E0516007E6EDF /* DesignPattern-SwiftTests */ = {
			isa = PBXGroup;
			children = (
				6A9AA4B12351FA5000BB4DBB /* Creational */,
				6AAD7522237EC4C90048DD90 /* Structural */,
				6AAD752B237EC5920048DD90 /* Behavioral */,
				89719720233E0516007E6EDF /* Info.plist */,
				8971971E233E0516007E6EDF /* DesignPattern_SwiftTests.swift */,
			);
			path = "DesignPattern-SwiftTests";
			sourceTree = "<group>";
		};
		89719728233E0516007E6EDF /* DesignPattern-SwiftUITests */ = {
			isa = PBXGroup;
			children = (
				89719729233E0516007E6EDF /* DesignPattern_SwiftUITests.swift */,
				8971972B233E0516007E6EDF /* Info.plist */,
			);
			path = "DesignPattern-SwiftUITests";
			sourceTree = "<group>";
		};
/* End PBXGroup section */

/* Begin PBXNativeTarget section */
		89719703233E0514007E6EDF /* DesignPattern-Swift */ = {
			isa = PBXNativeTarget;
			buildConfigurationList = 8971972E233E0516007E6EDF /* Build configuration list for PBXNativeTarget "DesignPattern-Swift" */;
			buildPhases = (
				89719700233E0514007E6EDF /* Sources */,
				89719701233E0514007E6EDF /* Frameworks */,
				89719702233E0514007E6EDF /* Resources */,
			);
			buildRules = (
			);
			dependencies = (
			);
			name = "DesignPattern-Swift";
			productName = "DesignPattern-Swift";
			productReference = 89719704233E0514007E6EDF /* DesignPattern-Swift.app */;
			productType = "com.apple.product-type.application";
		};
		89719719233E0515007E6EDF /* DesignPattern-SwiftTests */ = {
			isa = PBXNativeTarget;
			buildConfigurationList = 89719731233E0516007E6EDF /* Build configuration list for PBXNativeTarget "DesignPattern-SwiftTests" */;
			buildPhases = (
				89719716233E0515007E6EDF /* Sources */,
				89719717233E0515007E6EDF /* Frameworks */,
				89719718233E0515007E6EDF /* Resources */,
			);
			buildRules = (
			);
			dependencies = (
				8971971C233E0516007E6EDF /* PBXTargetDependency */,
			);
			name = "DesignPattern-SwiftTests";
			productName = "DesignPattern-SwiftTests";
			productReference = 8971971A233E0516007E6EDF /* DesignPattern-SwiftTests.xctest */;
			productType = "com.apple.product-type.bundle.unit-test";
		};
		89719724233E0516007E6EDF /* DesignPattern-SwiftUITests */ = {
			isa = PBXNativeTarget;
			buildConfigurationList = 89719734233E0516007E6EDF /* Build configuration list for PBXNativeTarget "DesignPattern-SwiftUITests" */;
			buildPhases = (
				89719721233E0516007E6EDF /* Sources */,
				89719722233E0516007E6EDF /* Frameworks */,
				89719723233E0516007E6EDF /* Resources */,
			);
			buildRules = (
			);
			dependencies = (
				89719727233E0516007E6EDF /* PBXTargetDependency */,
			);
			name = "DesignPattern-SwiftUITests";
			productName = "DesignPattern-SwiftUITests";
			productReference = 89719725233E0516007E6EDF /* DesignPattern-SwiftUITests.xctest */;
			productType = "com.apple.product-type.bundle.ui-testing";
		};
/* End PBXNativeTarget section */

/* Begin PBXProject section */
		897196FC233E0514007E6EDF /* Project object */ = {
			isa = PBXProject;
			attributes = {
				LastSwiftUpdateCheck = 1100;
				LastUpgradeCheck = 1100;
				ORGANIZATIONNAME = ios;
				TargetAttributes = {
					89719703233E0514007E6EDF = {
						CreatedOnToolsVersion = 11.0;
					};
					89719719233E0515007E6EDF = {
						CreatedOnToolsVersion = 11.0;
						TestTargetID = 89719703233E0514007E6EDF;
					};
					89719724233E0516007E6EDF = {
						CreatedOnToolsVersion = 11.0;
						TestTargetID = 89719703233E0514007E6EDF;
					};
				};
			};
			buildConfigurationList = 897196FF233E0514007E6EDF /* Build configuration list for PBXProject "DesignPattern-Swift" */;
			compatibilityVersion = "Xcode 9.3";
			developmentRegion = en;
			hasScannedForEncodings = 0;
			knownRegions = (
				en,
				Base,
			);
			mainGroup = 897196FB233E0514007E6EDF;
			productRefGroup = 89719705233E0514007E6EDF /* Products */;
			projectDirPath = "";
			projectRoot = "";
			targets = (
				89719703233E0514007E6EDF /* DesignPattern-Swift */,
				89719719233E0515007E6EDF /* DesignPattern-SwiftTests */,
				89719724233E0516007E6EDF /* DesignPattern-SwiftUITests */,
			);
		};
/* End PBXProject section */

/* Begin PBXResourcesBuildPhase section */
		89719702233E0514007E6EDF /* Resources */ = {
			isa = PBXResourcesBuildPhase;
			buildActionMask = 2147483647;
			files = (
				89719714233E0515007E6EDF /* LaunchScreen.storyboard in Resources */,
				89719711233E0515007E6EDF /* Preview Assets.xcassets in Resources */,
				8971970E233E0515007E6EDF /* Assets.xcassets in Resources */,
			);
			runOnlyForDeploymentPostprocessing = 0;
		};
		89719718233E0515007E6EDF /* Resources */ = {
			isa = PBXResourcesBuildPhase;
			buildActionMask = 2147483647;
			files = (
			);
			runOnlyForDeploymentPostprocessing = 0;
		};
		89719723233E0516007E6EDF /* Resources */ = {
			isa = PBXResourcesBuildPhase;
			buildActionMask = 2147483647;
			files = (
			);
			runOnlyForDeploymentPostprocessing = 0;
		};
/* End PBXResourcesBuildPhase section */

/* Begin PBXSourcesBuildPhase section */
		89719700233E0514007E6EDF /* Sources */ = {
			isa = PBXSourcesBuildPhase;
			buildActionMask = 2147483647;
			files = (
				89719708233E0514007E6EDF /* AppDelegate.swift in Sources */,
				8971970A233E0514007E6EDF /* SceneDelegate.swift in Sources */,
				8971970C233E0514007E6EDF /* ContentView.swift in Sources */,
			);
			runOnlyForDeploymentPostprocessing = 0;
		};
		89719716233E0515007E6EDF /* Sources */ = {
			isa = PBXSourcesBuildPhase;
			buildActionMask = 2147483647;
			files = (
				6AD899D7238EC02C00395762 /* FloppyDisk.swift in Sources */,
				6ACA505C238123DA00990615 /* HybridViewTests.swift in Sources */,
				6A9AA4B42351FA6B00BB4DBB /* MapSite.swift in Sources */,
				6AC6CECA235206D700A1166A /* PhoneFactory.swift in Sources */,
				6AC6CEDC2352E65600A1166A /* CountingMazeBuilder.swift in Sources */,
				6AC6CEC1235201A300A1166A /* EnchantedFactoryTests.swift in Sources */,
				6AAD7542237ECFAB0048DD90 /* ImageView.swift in Sources */,
				6ACBC10323A669CD0076A87F /* Compiler.swift in Sources */,
				6ACA5047237FCF9D00990615 /* WindowProtocols.swift in Sources */,
				6ACA504B237FD47C00990615 /* PMWindowImp.swift in Sources */,
				6AC6CEFC2354A31A00A1166A /* MazePrototypeFactoryTests.swift in Sources */,
				6AC6CED82352216400A1166A /* StandardMazeBuilder.swift in Sources */,
				6AC6CEEB2353030100A1166A /* MazeGame.swift in Sources */,
				6AC6CEF5235372D800A1166A /* MegazineMakerTests.swift in Sources */,
				6AAD7540237ECF060048DD90 /* Control.swift in Sources */,
				6AD899DB238EC1D100395762 /* EquipmentTests.swift in Sources */,
				6ACBC10523A66DA20076A87F /* CompilerTests.swift in Sources */,
				6A9E11FB242F25E60039FA51 /* HelpHandler.swift in Sources */,
				6AC6CF002354C2F000A1166A /* PhonePrototypeFactoryTests.swift in Sources */,
				6A9E11FD242F2B350039FA51 /* HelpHandlerTests.swift in Sources */,
				6A56DC9323C06FA000E8BCE7 /* FlyweightGlyph.swift in Sources */,
				6AAD7539237ECAC30048DD90 /* TextView.swift in Sources */,
				6AC6CEC62352038800A1166A /* NokiaPhone.swift in Sources */,
				6AF7FBC123A4996E0045D4F1 /* VisualComponent.swift in Sources */,
				6AD899D9238EC09C00395762 /* CompositeEquipment.swift in Sources */,
				6A9AA4BA2351FA8100BB4DBB /* Door.swift in Sources */,
				6AC6CEBF2352009700A1166A /* EnchantedMazeFactory.swift in Sources */,
				6AC6CEFE2354B7BC00A1166A /* PhonePrototypeFactory.swift in Sources */,
				6A9AA4B02351F9F700BB4DBB /* MazeFactory.swift in Sources */,
				6A452C7A23C37EF800E6253C /* Graphic.swift in Sources */,
				6AC6CED62352213E00A1166A /* MazeBuiltFromBuilder.swift in Sources */,
				6A9AA4BE2351FB3D00BB4DBB /* Direction.swift in Sources */,
				6AC6CECC2352076000A1166A /* PhoneShopTests.swift in Sources */,
				6ACBC0FF23A63B110076A87F /* StreamTests.swift in Sources */,
				6ACA50582381224000990615 /* HybridViewFactory.swift in Sources */,
				6AC6CEFA23549FA000A1166A /* MazePrototypeFactory.swift in Sources */,
				6AAD7546237ED5A90048DD90 /* ControlTests.swift in Sources */,
				6AAD751F237EC3F50048DD90 /* SingletonMazeFactory.swift in Sources */,
				6AAD7537237EC92D0048DD90 /* Shape.swift in Sources */,
				6AC6CEE62352EE0700A1166A /* CarBuilderTests.swift in Sources */,
				6A9AA4B82351FA7A00BB4DBB /* Wall.swift in Sources */,
				6AC6CEE22352EAF500A1166A /* Car.swift in Sources */,
				6A9AA4B62351FA7300BB4DBB /* Room.swift in Sources */,
				6AD899D5238EBE3200395762 /* Equipment.swift in Sources */,
				6AC6CEF3235370D400A1166A /* MegazineMaker.swift in Sources */,
				6AD899DD238EC34900395762 /* TreeNode.swift in Sources */,
				6ACA5051237FDB7F00990615 /* WindowTests.swift in Sources */,
				6AC6CEDA2352240400A1166A /* StandardMazeBuilderTests.swift in Sources */,
				8971971F233E0516007E6EDF /* DesignPattern_SwiftTests.swift in Sources */,
				6A9AA4BC2351FA8E00BB4DBB /* Maze.swift in Sources */,
				6AC6CEC4235202C100A1166A /* Phone.swift in Sources */,
				6ACA504F237FD86B00990615 /* WindowSystemFactory.swift in Sources */,
				6AC6CEE42352EB9F00A1166A /* BenzCarBuilder.swift in Sources */,
				6AC6CED423521F2700A1166A /* MazeBuilder.swift in Sources */,
				6ACC150B23A4B4A0006E6229 /* VisualComponentTests.swift in Sources */,
				6AAD753E237ECEB10048DD90 /* FirstResponderConvertible.swift in Sources */,
				6AC6CEED23535F4F00A1166A /* BombedMazeGame.swift in Sources */,
				6A56DC9723C07C9100E8BCE7 /* FlyweightColor.swift in Sources */,
				6A56DC9923C0945100E8BCE7 /* FlyweightColorTests.swift in Sources */,
				6AAD7521237EC4360048DD90 /* SingletonMazeFactoryTests.swift in Sources */,
				6AD899DF238EC38D00395762 /* TreeNodeTests.swift in Sources */,
				6AC6CEEF23535FE700A1166A /* BombedMazeGameTests.swift in Sources */,
				6AC6CEF123536F6400A1166A /* BookMaker.swift in Sources */,
				6ACBC10923A672450076A87F /* DomainTests.swift in Sources */,
				6AC6CEDE2352E6FA00A1166A /* CountingMazeBuilderTests.swift in Sources */,
				6AC6CEE02352E98800A1166A /* CarBuilder.swift in Sources */,
				6ACBC10723A66E970076A87F /* Domain.swift in Sources */,
				6AC6CECE235207F600A1166A /* PhoneShop.swift in Sources */,
				6ACBC0FD23A638F90076A87F /* Stream.swift in Sources */,
				6ACA5054237FE0DE00990615 /* HybridView.swift in Sources */,
				6ACA504D237FD63800990615 /* XWindowImp.swift in Sources */,
				6AAD7544237ED0E80048DD90 /* TextShapeTests.swift in Sources */,
				6A452C7C23C3821700E6253C /* GraphicTests.swift in Sources */,
				6AC6CEC82352069D00A1166A /* iPhone.swift in Sources */,
				6AAD753B237ECB7C0048DD90 /* TextShape.swift in Sources */,
				6ACA5049237FD47000990615 /* Window.swift in Sources */,
				6A56DC9523C07AF100E8BCE7 /* FlyweightGlyphTests.swift in Sources */,
				6ACA5056238120EA00990615 /* HybridViewImp.swift in Sources */,
			);
			runOnlyForDeploymentPostprocessing = 0;
		};
		89719721233E0516007E6EDF /* Sources */ = {
			isa = PBXSourcesBuildPhase;
			buildActionMask = 2147483647;
			files = (
				8971972A233E0516007E6EDF /* DesignPattern_SwiftUITests.swift in Sources */,
			);
			runOnlyForDeploymentPostprocessing = 0;
		};
/* End PBXSourcesBuildPhase section */

/* Begin PBXTargetDependency section */
		8971971C233E0516007E6EDF /* PBXTargetDependency */ = {
			isa = PBXTargetDependency;
			target = 89719703233E0514007E6EDF /* DesignPattern-Swift */;
			targetProxy = 8971971B233E0516007E6EDF /* PBXContainerItemProxy */;
		};
		89719727233E0516007E6EDF /* PBXTargetDependency */ = {
			isa = PBXTargetDependency;
			target = 89719703233E0514007E6EDF /* DesignPattern-Swift */;
			targetProxy = 89719726233E0516007E6EDF /* PBXContainerItemProxy */;
		};
/* End PBXTargetDependency section */

/* Begin PBXVariantGroup section */
		89719712233E0515007E6EDF /* LaunchScreen.storyboard */ = {
			isa = PBXVariantGroup;
			children = (
				89719713233E0515007E6EDF /* Base */,
			);
			name = LaunchScreen.storyboard;
			sourceTree = "<group>";
		};
/* End PBXVariantGroup section */

/* Begin XCBuildConfiguration section */
		8971972C233E0516007E6EDF /* Debug */ = {
			isa = XCBuildConfiguration;
			buildSettings = {
				ALWAYS_SEARCH_USER_PATHS = NO;
				CLANG_ANALYZER_NONNULL = YES;
				CLANG_ANALYZER_NUMBER_OBJECT_CONVERSION = YES_AGGRESSIVE;
				CLANG_CXX_LANGUAGE_STANDARD = "gnu++14";
				CLANG_CXX_LIBRARY = "libc++";
				CLANG_ENABLE_MODULES = YES;
				CLANG_ENABLE_OBJC_ARC = YES;
				CLANG_ENABLE_OBJC_WEAK = YES;
				CLANG_WARN_BLOCK_CAPTURE_AUTORELEASING = YES;
				CLANG_WARN_BOOL_CONVERSION = YES;
				CLANG_WARN_COMMA = YES;
				CLANG_WARN_CONSTANT_CONVERSION = YES;
				CLANG_WARN_DEPRECATED_OBJC_IMPLEMENTATIONS = YES;
				CLANG_WARN_DIRECT_OBJC_ISA_USAGE = YES_ERROR;
				CLANG_WARN_DOCUMENTATION_COMMENTS = YES;
				CLANG_WARN_EMPTY_BODY = YES;
				CLANG_WARN_ENUM_CONVERSION = YES;
				CLANG_WARN_INFINITE_RECURSION = YES;
				CLANG_WARN_INT_CONVERSION = YES;
				CLANG_WARN_NON_LITERAL_NULL_CONVERSION = YES;
				CLANG_WARN_OBJC_IMPLICIT_RETAIN_SELF = YES;
				CLANG_WARN_OBJC_LITERAL_CONVERSION = YES;
				CLANG_WARN_OBJC_ROOT_CLASS = YES_ERROR;
				CLANG_WARN_RANGE_LOOP_ANALYSIS = YES;
				CLANG_WARN_STRICT_PROTOTYPES = YES;
				CLANG_WARN_SUSPICIOUS_MOVE = YES;
				CLANG_WARN_UNGUARDED_AVAILABILITY = YES_AGGRESSIVE;
				CLANG_WARN_UNREACHABLE_CODE = YES;
				CLANG_WARN__DUPLICATE_METHOD_MATCH = YES;
				COPY_PHASE_STRIP = NO;
				DEBUG_INFORMATION_FORMAT = dwarf;
				ENABLE_STRICT_OBJC_MSGSEND = YES;
				ENABLE_TESTABILITY = YES;
				GCC_C_LANGUAGE_STANDARD = gnu11;
				GCC_DYNAMIC_NO_PIC = NO;
				GCC_NO_COMMON_BLOCKS = YES;
				GCC_OPTIMIZATION_LEVEL = 0;
				GCC_PREPROCESSOR_DEFINITIONS = (
					"DEBUG=1",
					"$(inherited)",
				);
				GCC_WARN_64_TO_32_BIT_CONVERSION = YES;
				GCC_WARN_ABOUT_RETURN_TYPE = YES_ERROR;
				GCC_WARN_UNDECLARED_SELECTOR = YES;
				GCC_WARN_UNINITIALIZED_AUTOS = YES_AGGRESSIVE;
				GCC_WARN_UNUSED_FUNCTION = YES;
				GCC_WARN_UNUSED_VARIABLE = YES;
				IPHONEOS_DEPLOYMENT_TARGET = 13.0;
				MTL_ENABLE_DEBUG_INFO = INCLUDE_SOURCE;
				MTL_FAST_MATH = YES;
				ONLY_ACTIVE_ARCH = YES;
				SDKROOT = iphoneos;
				SWIFT_ACTIVE_COMPILATION_CONDITIONS = DEBUG;
				SWIFT_OPTIMIZATION_LEVEL = "-Onone";
			};
			name = Debug;
		};
		8971972D233E0516007E6EDF /* Release */ = {
			isa = XCBuildConfiguration;
			buildSettings = {
				ALWAYS_SEARCH_USER_PATHS = NO;
				CLANG_ANALYZER_NONNULL = YES;
				CLANG_ANALYZER_NUMBER_OBJECT_CONVERSION = YES_AGGRESSIVE;
				CLANG_CXX_LANGUAGE_STANDARD = "gnu++14";
				CLANG_CXX_LIBRARY = "libc++";
				CLANG_ENABLE_MODULES = YES;
				CLANG_ENABLE_OBJC_ARC = YES;
				CLANG_ENABLE_OBJC_WEAK = YES;
				CLANG_WARN_BLOCK_CAPTURE_AUTORELEASING = YES;
				CLANG_WARN_BOOL_CONVERSION = YES;
				CLANG_WARN_COMMA = YES;
				CLANG_WARN_CONSTANT_CONVERSION = YES;
				CLANG_WARN_DEPRECATED_OBJC_IMPLEMENTATIONS = YES;
				CLANG_WARN_DIRECT_OBJC_ISA_USAGE = YES_ERROR;
				CLANG_WARN_DOCUMENTATION_COMMENTS = YES;
				CLANG_WARN_EMPTY_BODY = YES;
				CLANG_WARN_ENUM_CONVERSION = YES;
				CLANG_WARN_INFINITE_RECURSION = YES;
				CLANG_WARN_INT_CONVERSION = YES;
				CLANG_WARN_NON_LITERAL_NULL_CONVERSION = YES;
				CLANG_WARN_OBJC_IMPLICIT_RETAIN_SELF = YES;
				CLANG_WARN_OBJC_LITERAL_CONVERSION = YES;
				CLANG_WARN_OBJC_ROOT_CLASS = YES_ERROR;
				CLANG_WARN_RANGE_LOOP_ANALYSIS = YES;
				CLANG_WARN_STRICT_PROTOTYPES = YES;
				CLANG_WARN_SUSPICIOUS_MOVE = YES;
				CLANG_WARN_UNGUARDED_AVAILABILITY = YES_AGGRESSIVE;
				CLANG_WARN_UNREACHABLE_CODE = YES;
				CLANG_WARN__DUPLICATE_METHOD_MATCH = YES;
				COPY_PHASE_STRIP = NO;
				DEBUG_INFORMATION_FORMAT = "dwarf-with-dsym";
				ENABLE_NS_ASSERTIONS = NO;
				ENABLE_STRICT_OBJC_MSGSEND = YES;
				GCC_C_LANGUAGE_STANDARD = gnu11;
				GCC_NO_COMMON_BLOCKS = YES;
				GCC_WARN_64_TO_32_BIT_CONVERSION = YES;
				GCC_WARN_ABOUT_RETURN_TYPE = YES_ERROR;
				GCC_WARN_UNDECLARED_SELECTOR = YES;
				GCC_WARN_UNINITIALIZED_AUTOS = YES_AGGRESSIVE;
				GCC_WARN_UNUSED_FUNCTION = YES;
				GCC_WARN_UNUSED_VARIABLE = YES;
				IPHONEOS_DEPLOYMENT_TARGET = 13.0;
				MTL_ENABLE_DEBUG_INFO = NO;
				MTL_FAST_MATH = YES;
				SDKROOT = iphoneos;
				SWIFT_COMPILATION_MODE = wholemodule;
				SWIFT_OPTIMIZATION_LEVEL = "-O";
				VALIDATE_PRODUCT = YES;
			};
			name = Release;
		};
		8971972F233E0516007E6EDF /* Debug */ = {
			isa = XCBuildConfiguration;
			buildSettings = {
				ASSETCATALOG_COMPILER_APPICON_NAME = AppIcon;
				CODE_SIGN_STYLE = Automatic;
				DEVELOPMENT_ASSET_PATHS = "\"DesignPattern-Swift/Preview Content\"";
				ENABLE_PREVIEWS = YES;
				INFOPLIST_FILE = "DesignPattern-Swift/Info.plist";
				LD_RUNPATH_SEARCH_PATHS = (
					"$(inherited)",
					"@executable_path/Frameworks",
				);
				PRODUCT_BUNDLE_IDENTIFIER = "com.theknotww.DesignPattern-Swift";
				PRODUCT_NAME = "$(TARGET_NAME)";
				SWIFT_VERSION = 5.0;
				TARGETED_DEVICE_FAMILY = "1,2";
			};
			name = Debug;
		};
		89719730233E0516007E6EDF /* Release */ = {
			isa = XCBuildConfiguration;
			buildSettings = {
				ASSETCATALOG_COMPILER_APPICON_NAME = AppIcon;
				CODE_SIGN_STYLE = Automatic;
				DEVELOPMENT_ASSET_PATHS = "\"DesignPattern-Swift/Preview Content\"";
				ENABLE_PREVIEWS = YES;
				INFOPLIST_FILE = "DesignPattern-Swift/Info.plist";
				LD_RUNPATH_SEARCH_PATHS = (
					"$(inherited)",
					"@executable_path/Frameworks",
				);
				PRODUCT_BUNDLE_IDENTIFIER = "com.theknotww.DesignPattern-Swift";
				PRODUCT_NAME = "$(TARGET_NAME)";
				SWIFT_VERSION = 5.0;
				TARGETED_DEVICE_FAMILY = "1,2";
			};
			name = Release;
		};
		89719732233E0516007E6EDF /* Debug */ = {
			isa = XCBuildConfiguration;
			buildSettings = {
				ALWAYS_EMBED_SWIFT_STANDARD_LIBRARIES = YES;
				BUNDLE_LOADER = "$(TEST_HOST)";
				CODE_SIGN_STYLE = Automatic;
				INFOPLIST_FILE = "DesignPattern-SwiftTests/Info.plist";
				IPHONEOS_DEPLOYMENT_TARGET = 13.0;
				LD_RUNPATH_SEARCH_PATHS = (
					"$(inherited)",
					"@executable_path/Frameworks",
					"@loader_path/Frameworks",
				);
				PRODUCT_BUNDLE_IDENTIFIER = "com.theknotww.DesignPattern-SwiftTests";
				PRODUCT_NAME = "$(TARGET_NAME)";
				SWIFT_VERSION = 5.0;
				TARGETED_DEVICE_FAMILY = "1,2";
				TEST_HOST = "$(BUILT_PRODUCTS_DIR)/DesignPattern-Swift.app/DesignPattern-Swift";
			};
			name = Debug;
		};
		89719733233E0516007E6EDF /* Release */ = {
			isa = XCBuildConfiguration;
			buildSettings = {
				ALWAYS_EMBED_SWIFT_STANDARD_LIBRARIES = YES;
				BUNDLE_LOADER = "$(TEST_HOST)";
				CODE_SIGN_STYLE = Automatic;
				INFOPLIST_FILE = "DesignPattern-SwiftTests/Info.plist";
				IPHONEOS_DEPLOYMENT_TARGET = 13.0;
				LD_RUNPATH_SEARCH_PATHS = (
					"$(inherited)",
					"@executable_path/Frameworks",
					"@loader_path/Frameworks",
				);
				PRODUCT_BUNDLE_IDENTIFIER = "com.theknotww.DesignPattern-SwiftTests";
				PRODUCT_NAME = "$(TARGET_NAME)";
				SWIFT_VERSION = 5.0;
				TARGETED_DEVICE_FAMILY = "1,2";
				TEST_HOST = "$(BUILT_PRODUCTS_DIR)/DesignPattern-Swift.app/DesignPattern-Swift";
			};
			name = Release;
		};
		89719735233E0516007E6EDF /* Debug */ = {
			isa = XCBuildConfiguration;
			buildSettings = {
				ALWAYS_EMBED_SWIFT_STANDARD_LIBRARIES = YES;
				CODE_SIGN_STYLE = Automatic;
				INFOPLIST_FILE = "DesignPattern-SwiftUITests/Info.plist";
				LD_RUNPATH_SEARCH_PATHS = (
					"$(inherited)",
					"@executable_path/Frameworks",
					"@loader_path/Frameworks",
				);
				PRODUCT_BUNDLE_IDENTIFIER = "com.theknotww.DesignPattern-SwiftUITests";
				PRODUCT_NAME = "$(TARGET_NAME)";
				SWIFT_VERSION = 5.0;
				TARGETED_DEVICE_FAMILY = "1,2";
				TEST_TARGET_NAME = "DesignPattern-Swift";
			};
			name = Debug;
		};
		89719736233E0516007E6EDF /* Release */ = {
			isa = XCBuildConfiguration;
			buildSettings = {
				ALWAYS_EMBED_SWIFT_STANDARD_LIBRARIES = YES;
				CODE_SIGN_STYLE = Automatic;
				INFOPLIST_FILE = "DesignPattern-SwiftUITests/Info.plist";
				LD_RUNPATH_SEARCH_PATHS = (
					"$(inherited)",
					"@executable_path/Frameworks",
					"@loader_path/Frameworks",
				);
				PRODUCT_BUNDLE_IDENTIFIER = "com.theknotww.DesignPattern-SwiftUITests";
				PRODUCT_NAME = "$(TARGET_NAME)";
				SWIFT_VERSION = 5.0;
				TARGETED_DEVICE_FAMILY = "1,2";
				TEST_TARGET_NAME = "DesignPattern-Swift";
			};
			name = Release;
		};
/* End XCBuildConfiguration section */

/* Begin XCConfigurationList section */
		897196FF233E0514007E6EDF /* Build configuration list for PBXProject "DesignPattern-Swift" */ = {
			isa = XCConfigurationList;
			buildConfigurations = (
				8971972C233E0516007E6EDF /* Debug */,
				8971972D233E0516007E6EDF /* Release */,
			);
			defaultConfigurationIsVisible = 0;
			defaultConfigurationName = Release;
		};
		8971972E233E0516007E6EDF /* Build configuration list for PBXNativeTarget "DesignPattern-Swift" */ = {
			isa = XCConfigurationList;
			buildConfigurations = (
				8971972F233E0516007E6EDF /* Debug */,
				89719730233E0516007E6EDF /* Release */,
			);
			defaultConfigurationIsVisible = 0;
			defaultConfigurationName = Release;
		};
		89719731233E0516007E6EDF /* Build configuration list for PBXNativeTarget "DesignPattern-SwiftTests" */ = {
			isa = XCConfigurationList;
			buildConfigurations = (
				89719732233E0516007E6EDF /* Debug */,
				89719733233E0516007E6EDF /* Release */,
			);
			defaultConfigurationIsVisible = 0;
			defaultConfigurationName = Release;
		};
		89719734233E0516007E6EDF /* Build configuration list for PBXNativeTarget "DesignPattern-SwiftUITests" */ = {
			isa = XCConfigurationList;
			buildConfigurations = (
				89719735233E0516007E6EDF /* Debug */,
				89719736233E0516007E6EDF /* Release */,
			);
			defaultConfigurationIsVisible = 0;
			defaultConfigurationName = Release;
		};
/* End XCConfigurationList section */
	};
	rootObject = 897196FC233E0514007E6EDF /* Project object */;
}
