// !$*UTF8*$!
{
	archiveVersion = 1;
	classes = {
	};
	objectVersion = 50;
	objects = {

/* Begin PBXBuildFile section */
		6A57A5F526F0765E00D271FE /* AppDelegate.m in Sources */ = {isa = PBXBuildFile; fileRef = 6A57A5F426F0765E00D271FE /* AppDelegate.m */; };
		6A57A5F826F0765E00D271FE /* SceneDelegate.m in Sources */ = {isa = PBXBuildFile; fileRef = 6A57A5F726F0765E00D271FE /* SceneDelegate.m */; };
		6A57A5FB26F0765E00D271FE /* ViewController.m in Sources */ = {isa = PBXBuildFile; fileRef = 6A57A5FA26F0765E00D271FE /* ViewController.m */; };
		6A57A5FE26F0765E00D271FE /* Main.storyboard in Resources */ = {isa = PBXBuildFile; fileRef = 6A57A5FC26F0765E00D271FE /* Main.storyboard */; };
		6A57A60026F0766000D271FE /* Assets.xcassets in Resources */ = {isa = PBXBuildFile; fileRef = 6A57A5FF26F0766000D271FE /* Assets.xcassets */; };
		6A57A60326F0766000D271FE /* LaunchScreen.storyboard in Resources */ = {isa = PBXBuildFile; fileRef = 6A57A60126F0766000D271FE /* LaunchScreen.storyboard */; };
		6A57A60626F0766000D271FE /* main.m in Sources */ = {isa = PBXBuildFile; fileRef = 6A57A60526F0766000D271FE /* main.m */; };
		6A57A61026F0766000D271FE /* DesignPattern_ObjCTests.m in Sources */ = {isa = PBXBuildFile; fileRef = 6A57A60F26F0766000D271FE /* DesignPattern_ObjCTests.m */; };
		6A57A61B26F0766000D271FE /* DesignPattern_ObjCUITests.m in Sources */ = {isa = PBXBuildFile; fileRef = 6A57A61A26F0766000D271FE /* DesignPattern_ObjCUITests.m */; };
/* End PBXBuildFile section */

/* Begin PBXContainerItemProxy section */
		6A57A60C26F0766000D271FE /* PBXContainerItemProxy */ = {
			isa = PBXContainerItemProxy;
			containerPortal = 6A57A5E826F0765E00D271FE /* Project object */;
			proxyType = 1;
			remoteGlobalIDString = 6A57A5EF26F0765E00D271FE;
			remoteInfo = "DesignPattern-ObjC";
		};
		6A57A61726F0766000D271FE /* PBXContainerItemProxy */ = {
			isa = PBXContainerItemProxy;
			containerPortal = 6A57A5E826F0765E00D271FE /* Project object */;
			proxyType = 1;
			remoteGlobalIDString = 6A57A5EF26F0765E00D271FE;
			remoteInfo = "DesignPattern-ObjC";
		};
/* End PBXContainerItemProxy section */

/* Begin PBXFileReference section */
		6A57A5F026F0765E00D271FE /* DesignPattern-ObjC.app */ = {isa = PBXFileReference; explicitFileType = wrapper.application; includeInIndex = 0; path = "DesignPattern-ObjC.app"; sourceTree = BUILT_PRODUCTS_DIR; };
		6A57A5F326F0765E00D271FE /* AppDelegate.h */ = {isa = PBXFileReference; lastKnownFileType = sourcecode.c.h; path = AppDelegate.h; sourceTree = "<group>"; };
		6A57A5F426F0765E00D271FE /* AppDelegate.m */ = {isa = PBXFileReference; lastKnownFileType = sourcecode.c.objc; path = AppDelegate.m; sourceTree = "<group>"; };
		6A57A5F626F0765E00D271FE /* SceneDelegate.h */ = {isa = PBXFileReference; lastKnownFileType = sourcecode.c.h; path = SceneDelegate.h; sourceTree = "<group>"; };
		6A57A5F726F0765E00D271FE /* SceneDelegate.m */ = {isa = PBXFileReference; lastKnownFileType = sourcecode.c.objc; path = SceneDelegate.m; sourceTree = "<group>"; };
		6A57A5F926F0765E00D271FE /* ViewController.h */ = {isa = PBXFileReference; lastKnownFileType = sourcecode.c.h; path = ViewController.h; sourceTree = "<group>"; };
		6A57A5FA26F0765E00D271FE /* ViewController.m */ = {isa = PBXFileReference; lastKnownFileType = sourcecode.c.objc; path = ViewController.m; sourceTree = "<group>"; };
		6A57A5FD26F0765E00D271FE /* Base */ = {isa = PBXFileReference; lastKnownFileType = file.storyboard; name = Base; path = Base.lproj/Main.storyboard; sourceTree = "<group>"; };
		6A57A5FF26F0766000D271FE /* Assets.xcassets */ = {isa = PBXFileReference; lastKnownFileType = folder.assetcatalog; path = Assets.xcassets; sourceTree = "<group>"; };
		6A57A60226F0766000D271FE /* Base */ = {isa = PBXFileReference; lastKnownFileType = file.storyboard; name = Base; path = Base.lproj/LaunchScreen.storyboard; sourceTree = "<group>"; };
		6A57A60426F0766000D271FE /* Info.plist */ = {isa = PBXFileReference; lastKnownFileType = text.plist.xml; path = Info.plist; sourceTree = "<group>"; };
		6A57A60526F0766000D271FE /* main.m */ = {isa = PBXFileReference; lastKnownFileType = sourcecode.c.objc; path = main.m; sourceTree = "<group>"; };
		6A57A60B26F0766000D271FE /* DesignPattern-ObjCTests.xctest */ = {isa = PBXFileReference; explicitFileType = wrapper.cfbundle; includeInIndex = 0; path = "DesignPattern-ObjCTests.xctest"; sourceTree = BUILT_PRODUCTS_DIR; };
		6A57A60F26F0766000D271FE /* DesignPattern_ObjCTests.m */ = {isa = PBXFileReference; lastKnownFileType = sourcecode.c.objc; path = DesignPattern_ObjCTests.m; sourceTree = "<group>"; };
		6A57A61126F0766000D271FE /* Info.plist */ = {isa = PBXFileReference; lastKnownFileType = text.plist.xml; path = Info.plist; sourceTree = "<group>"; };
		6A57A61626F0766000D271FE /* DesignPattern-ObjCUITests.xctest */ = {isa = PBXFileReference; explicitFileType = wrapper.cfbundle; includeInIndex = 0; path = "DesignPattern-ObjCUITests.xctest"; sourceTree = BUILT_PRODUCTS_DIR; };
		6A57A61A26F0766000D271FE /* DesignPattern_ObjCUITests.m */ = {isa = PBXFileReference; lastKnownFileType = sourcecode.c.objc; path = DesignPattern_ObjCUITests.m; sourceTree = "<group>"; };
		6A57A61C26F0766000D271FE /* Info.plist */ = {isa = PBXFileReference; lastKnownFileType = text.plist.xml; path = Info.plist; sourceTree = "<group>"; };
/* End PBXFileReference section */

/* Begin PBXFrameworksBuildPhase section */
		6A57A5ED26F0765E00D271FE /* Frameworks */ = {
			isa = PBXFrameworksBuildPhase;
			buildActionMask = 2147483647;
			files = (
			);
			runOnlyForDeploymentPostprocessing = 0;
		};
		6A57A60826F0766000D271FE /* Frameworks */ = {
			isa = PBXFrameworksBuildPhase;
			buildActionMask = 2147483647;
			files = (
			);
			runOnlyForDeploymentPostprocessing = 0;
		};
		6A57A61326F0766000D271FE /* Frameworks */ = {
			isa = PBXFrameworksBuildPhase;
			buildActionMask = 2147483647;
			files = (
			);
			runOnlyForDeploymentPostprocessing = 0;
		};
/* End PBXFrameworksBuildPhase section */

/* Begin PBXGroup section */
		6A57A5E726F0765E00D271FE = {
			isa = PBXGroup;
			children = (
				6A57A5F226F0765E00D271FE /* DesignPattern-ObjC */,
				6A57A60E26F0766000D271FE /* DesignPattern-ObjCTests */,
				6A57A61926F0766000D271FE /* DesignPattern-ObjCUITests */,
				6A57A5F126F0765E00D271FE /* Products */,
			);
			sourceTree = "<group>";
		};
		6A57A5F126F0765E00D271FE /* Products */ = {
			isa = PBXGroup;
			children = (
				6A57A5F026F0765E00D271FE /* DesignPattern-ObjC.app */,
				6A57A60B26F0766000D271FE /* DesignPattern-ObjCTests.xctest */,
				6A57A61626F0766000D271FE /* DesignPattern-ObjCUITests.xctest */,
			);
			name = Products;
			sourceTree = "<group>";
		};
		6A57A5F226F0765E00D271FE /* DesignPattern-ObjC */ = {
			isa = PBXGroup;
			children = (
				6A57A62826F0768100D271FE /* Creational */,
				6A57A62926F0768900D271FE /* Structural */,
				6A57A62A26F0769000D271FE /* Behavioral */,
				6A57A5F326F0765E00D271FE /* AppDelegate.h */,
				6A57A5F426F0765E00D271FE /* AppDelegate.m */,
				6A57A5F626F0765E00D271FE /* SceneDelegate.h */,
				6A57A5F726F0765E00D271FE /* SceneDelegate.m */,
				6A57A5F926F0765E00D271FE /* ViewController.h */,
				6A57A5FA26F0765E00D271FE /* ViewController.m */,
				6A57A5FC26F0765E00D271FE /* Main.storyboard */,
				6A57A5FF26F0766000D271FE /* Assets.xcassets */,
				6A57A60126F0766000D271FE /* LaunchScreen.storyboard */,
				6A57A60426F0766000D271FE /* Info.plist */,
				6A57A60526F0766000D271FE /* main.m */,
			);
			path = "DesignPattern-ObjC";
			sourceTree = "<group>";
		};
		6A57A60E26F0766000D271FE /* DesignPattern-ObjCTests */ = {
			isa = PBXGroup;
			children = (
				6A57A60F26F0766000D271FE /* DesignPattern_ObjCTests.m */,
				6A57A61126F0766000D271FE /* Info.plist */,
			);
			path = "DesignPattern-ObjCTests";
			sourceTree = "<group>";
		};
		6A57A61926F0766000D271FE /* DesignPattern-ObjCUITests */ = {
			isa = PBXGroup;
			children = (
				6A57A61A26F0766000D271FE /* DesignPattern_ObjCUITests.m */,
				6A57A61C26F0766000D271FE /* Info.plist */,
			);
			path = "DesignPattern-ObjCUITests";
			sourceTree = "<group>";
		};
		6A57A62826F0768100D271FE /* Creational */ = {
			isa = PBXGroup;
			children = (
			);
			path = Creational;
			sourceTree = "<group>";
		};
		6A57A62926F0768900D271FE /* Structural */ = {
			isa = PBXGroup;
			children = (
			);
			path = Structural;
			sourceTree = "<group>";
		};
		6A57A62A26F0769000D271FE /* Behavioral */ = {
			isa = PBXGroup;
			children = (
			);
			path = Behavioral;
			sourceTree = "<group>";
		};
/* End PBXGroup section */

/* Begin PBXNativeTarget section */
		6A57A5EF26F0765E00D271FE /* DesignPattern-ObjC */ = {
			isa = PBXNativeTarget;
			buildConfigurationList = 6A57A61F26F0766000D271FE /* Build configuration list for PBXNativeTarget "DesignPattern-ObjC" */;
			buildPhases = (
				6A57A5EC26F0765E00D271FE /* Sources */,
				6A57A5ED26F0765E00D271FE /* Frameworks */,
				6A57A5EE26F0765E00D271FE /* Resources */,
			);
			buildRules = (
			);
			dependencies = (
			);
			name = "DesignPattern-ObjC";
			productName = "DesignPattern-ObjC";
			productReference = 6A57A5F026F0765E00D271FE /* DesignPattern-ObjC.app */;
			productType = "com.apple.product-type.application";
		};
		6A57A60A26F0766000D271FE /* DesignPattern-ObjCTests */ = {
			isa = PBXNativeTarget;
			buildConfigurationList = 6A57A62226F0766000D271FE /* Build configuration list for PBXNativeTarget "DesignPattern-ObjCTests" */;
			buildPhases = (
				6A57A60726F0766000D271FE /* Sources */,
				6A57A60826F0766000D271FE /* Frameworks */,
				6A57A60926F0766000D271FE /* Resources */,
			);
			buildRules = (
			);
			dependencies = (
				6A57A60D26F0766000D271FE /* PBXTargetDependency */,
			);
			name = "DesignPattern-ObjCTests";
			productName = "DesignPattern-ObjCTests";
			productReference = 6A57A60B26F0766000D271FE /* DesignPattern-ObjCTests.xctest */;
			productType = "com.apple.product-type.bundle.unit-test";
		};
		6A57A61526F0766000D271FE /* DesignPattern-ObjCUITests */ = {
			isa = PBXNativeTarget;
			buildConfigurationList = 6A57A62526F0766000D271FE /* Build configuration list for PBXNativeTarget "DesignPattern-ObjCUITests" */;
			buildPhases = (
				6A57A61226F0766000D271FE /* Sources */,
				6A57A61326F0766000D271FE /* Frameworks */,
				6A57A61426F0766000D271FE /* Resources */,
			);
			buildRules = (
			);
			dependencies = (
				6A57A61826F0766000D271FE /* PBXTargetDependency */,
			);
			name = "DesignPattern-ObjCUITests";
			productName = "DesignPattern-ObjCUITests";
			productReference = 6A57A61626F0766000D271FE /* DesignPattern-ObjCUITests.xctest */;
			productType = "com.apple.product-type.bundle.ui-testing";
		};
/* End PBXNativeTarget section */

/* Begin PBXProject section */
		6A57A5E826F0765E00D271FE /* Project object */ = {
			isa = PBXProject;
			attributes = {
				LastUpgradeCheck = 1250;
				TargetAttributes = {
					6A57A5EF26F0765E00D271FE = {
						CreatedOnToolsVersion = 12.5;
					};
					6A57A60A26F0766000D271FE = {
						CreatedOnToolsVersion = 12.5;
						TestTargetID = 6A57A5EF26F0765E00D271FE;
					};
					6A57A61526F0766000D271FE = {
						CreatedOnToolsVersion = 12.5;
						TestTargetID = 6A57A5EF26F0765E00D271FE;
					};
				};
			};
			buildConfigurationList = 6A57A5EB26F0765E00D271FE /* Build configuration list for PBXProject "DesignPattern-ObjC" */;
			compatibilityVersion = "Xcode 9.3";
			developmentRegion = en;
			hasScannedForEncodings = 0;
			knownRegions = (
				en,
				Base,
			);
			mainGroup = 6A57A5E726F0765E00D271FE;
			productRefGroup = 6A57A5F126F0765E00D271FE /* Products */;
			projectDirPath = "";
			projectRoot = "";
			targets = (
				6A57A5EF26F0765E00D271FE /* DesignPattern-ObjC */,
				6A57A60A26F0766000D271FE /* DesignPattern-ObjCTests */,
				6A57A61526F0766000D271FE /* DesignPattern-ObjCUITests */,
			);
		};
/* End PBXProject section */

/* Begin PBXResourcesBuildPhase section */
		6A57A5EE26F0765E00D271FE /* Resources */ = {
			isa = PBXResourcesBuildPhase;
			buildActionMask = 2147483647;
			files = (
				6A57A60326F0766000D271FE /* LaunchScreen.storyboard in Resources */,
				6A57A60026F0766000D271FE /* Assets.xcassets in Resources */,
				6A57A5FE26F0765E00D271FE /* Main.storyboard in Resources */,
			);
			runOnlyForDeploymentPostprocessing = 0;
		};
		6A57A60926F0766000D271FE /* Resources */ = {
			isa = PBXResourcesBuildPhase;
			buildActionMask = 2147483647;
			files = (
			);
			runOnlyForDeploymentPostprocessing = 0;
		};
		6A57A61426F0766000D271FE /* Resources */ = {
			isa = PBXResourcesBuildPhase;
			buildActionMask = 2147483647;
			files = (
			);
			runOnlyForDeploymentPostprocessing = 0;
		};
/* End PBXResourcesBuildPhase section */

/* Begin PBXSourcesBuildPhase section */
		6A57A5EC26F0765E00D271FE /* Sources */ = {
			isa = PBXSourcesBuildPhase;
			buildActionMask = 2147483647;
			files = (
				6A57A5FB26F0765E00D271FE /* ViewController.m in Sources */,
				6A57A5F526F0765E00D271FE /* AppDelegate.m in Sources */,
				6A57A60626F0766000D271FE /* main.m in Sources */,
				6A57A5F826F0765E00D271FE /* SceneDelegate.m in Sources */,
			);
			runOnlyForDeploymentPostprocessing = 0;
		};
		6A57A60726F0766000D271FE /* Sources */ = {
			isa = PBXSourcesBuildPhase;
			buildActionMask = 2147483647;
			files = (
				6A57A61026F0766000D271FE /* DesignPattern_ObjCTests.m in Sources */,
			);
			runOnlyForDeploymentPostprocessing = 0;
		};
		6A57A61226F0766000D271FE /* Sources */ = {
			isa = PBXSourcesBuildPhase;
			buildActionMask = 2147483647;
			files = (
				6A57A61B26F0766000D271FE /* DesignPattern_ObjCUITests.m in Sources */,
			);
			runOnlyForDeploymentPostprocessing = 0;
		};
/* End PBXSourcesBuildPhase section */

/* Begin PBXTargetDependency section */
		6A57A60D26F0766000D271FE /* PBXTargetDependency */ = {
			isa = PBXTargetDependency;
			target = 6A57A5EF26F0765E00D271FE /* DesignPattern-ObjC */;
			targetProxy = 6A57A60C26F0766000D271FE /* PBXContainerItemProxy */;
		};
		6A57A61826F0766000D271FE /* PBXTargetDependency */ = {
			isa = PBXTargetDependency;
			target = 6A57A5EF26F0765E00D271FE /* DesignPattern-ObjC */;
			targetProxy = 6A57A61726F0766000D271FE /* PBXContainerItemProxy */;
		};
/* End PBXTargetDependency section */

/* Begin PBXVariantGroup section */
		6A57A5FC26F0765E00D271FE /* Main.storyboard */ = {
			isa = PBXVariantGroup;
			children = (
				6A57A5FD26F0765E00D271FE /* Base */,
			);
			name = Main.storyboard;
			sourceTree = "<group>";
		};
		6A57A60126F0766000D271FE /* LaunchScreen.storyboard */ = {
			isa = PBXVariantGroup;
			children = (
				6A57A60226F0766000D271FE /* Base */,
			);
			name = LaunchScreen.storyboard;
			sourceTree = "<group>";
		};
/* End PBXVariantGroup section */

/* Begin XCBuildConfiguration section */
		6A57A61D26F0766000D271FE /* Debug */ = {
			isa = XCBuildConfiguration;
			buildSettings = {
				ALWAYS_SEARCH_USER_PATHS = NO;
				CLANG_ANALYZER_NONNULL = YES;
				CLANG_ANALYZER_NUMBER_OBJECT_CONVERSION = YES_AGGRESSIVE;
				CLANG_CXX_LANGUAGE_STANDARD = "gnu++14";
				CLANG_CXX_LIBRARY = "libc++";
				CLANG_ENABLE_MODULES = YES;
				CLANG_ENABLE_OBJC_ARC = YES;
				CLANG_ENABLE_OBJC_WEAK = YES;
				CLANG_WARN_BLOCK_CAPTURE_AUTORELEASING = YES;
				CLANG_WARN_BOOL_CONVERSION = YES;
				CLANG_WARN_COMMA = YES;
				CLANG_WARN_CONSTANT_CONVERSION = YES;
				CLANG_WARN_DEPRECATED_OBJC_IMPLEMENTATIONS = YES;
				CLANG_WARN_DIRECT_OBJC_ISA_USAGE = YES_ERROR;
				CLANG_WARN_DOCUMENTATION_COMMENTS = YES;
				CLANG_WARN_EMPTY_BODY = YES;
				CLANG_WARN_ENUM_CONVERSION = YES;
				CLANG_WARN_INFINITE_RECURSION = YES;
				CLANG_WARN_INT_CONVERSION = YES;
				CLANG_WARN_NON_LITERAL_NULL_CONVERSION = YES;
				CLANG_WARN_OBJC_IMPLICIT_RETAIN_SELF = YES;
				CLANG_WARN_OBJC_LITERAL_CONVERSION = YES;
				CLANG_WARN_OBJC_ROOT_CLASS = YES_ERROR;
				CLANG_WARN_QUOTED_INCLUDE_IN_FRAMEWORK_HEADER = YES;
				CLANG_WARN_RANGE_LOOP_ANALYSIS = YES;
				CLANG_WARN_STRICT_PROTOTYPES = YES;
				CLANG_WARN_SUSPICIOUS_MOVE = YES;
				CLANG_WARN_UNGUARDED_AVAILABILITY = YES_AGGRESSIVE;
				CLANG_WARN_UNREACHABLE_CODE = YES;
				CLANG_WARN__DUPLICATE_METHOD_MATCH = YES;
				COPY_PHASE_STRIP = NO;
				DEBUG_INFORMATION_FORMAT = dwarf;
				ENABLE_STRICT_OBJC_MSGSEND = YES;
				ENABLE_TESTABILITY = YES;
				GCC_C_LANGUAGE_STANDARD = gnu11;
				GCC_DYNAMIC_NO_PIC = NO;
				GCC_NO_COMMON_BLOCKS = YES;
				GCC_OPTIMIZATION_LEVEL = 0;
				GCC_PREPROCESSOR_DEFINITIONS = (
					"DEBUG=1",
					"$(inherited)",
				);
				GCC_WARN_64_TO_32_BIT_CONVERSION = YES;
				GCC_WARN_ABOUT_RETURN_TYPE = YES_ERROR;
				GCC_WARN_UNDECLARED_SELECTOR = YES;
				GCC_WARN_UNINITIALIZED_AUTOS = YES_AGGRESSIVE;
				GCC_WARN_UNUSED_FUNCTION = YES;
				GCC_WARN_UNUSED_VARIABLE = YES;
				IPHONEOS_DEPLOYMENT_TARGET = 14.5;
				MTL_ENABLE_DEBUG_INFO = INCLUDE_SOURCE;
				MTL_FAST_MATH = YES;
				ONLY_ACTIVE_ARCH = YES;
				SDKROOT = iphoneos;
			};
			name = Debug;
		};
		6A57A61E26F0766000D271FE /* Release */ = {
			isa = XCBuildConfiguration;
			buildSettings = {
				ALWAYS_SEARCH_USER_PATHS = NO;
				CLANG_ANALYZER_NONNULL = YES;
				CLANG_ANALYZER_NUMBER_OBJECT_CONVERSION = YES_AGGRESSIVE;
				CLANG_CXX_LANGUAGE_STANDARD = "gnu++14";
				CLANG_CXX_LIBRARY = "libc++";
				CLANG_ENABLE_MODULES = YES;
				CLANG_ENABLE_OBJC_ARC = YES;
				CLANG_ENABLE_OBJC_WEAK = YES;
				CLANG_WARN_BLOCK_CAPTURE_AUTORELEASING = YES;
				CLANG_WARN_BOOL_CONVERSION = YES;
				CLANG_WARN_COMMA = YES;
				CLANG_WARN_CONSTANT_CONVERSION = YES;
				CLANG_WARN_DEPRECATED_OBJC_IMPLEMENTATIONS = YES;
				CLANG_WARN_DIRECT_OBJC_ISA_USAGE = YES_ERROR;
				CLANG_WARN_DOCUMENTATION_COMMENTS = YES;
				CLANG_WARN_EMPTY_BODY = YES;
				CLANG_WARN_ENUM_CONVERSION = YES;
				CLANG_WARN_INFINITE_RECURSION = YES;
				CLANG_WARN_INT_CONVERSION = YES;
				CLANG_WARN_NON_LITERAL_NULL_CONVERSION = YES;
				CLANG_WARN_OBJC_IMPLICIT_RETAIN_SELF = YES;
				CLANG_WARN_OBJC_LITERAL_CONVERSION = YES;
				CLANG_WARN_OBJC_ROOT_CLASS = YES_ERROR;
				CLANG_WARN_QUOTED_INCLUDE_IN_FRAMEWORK_HEADER = YES;
				CLANG_WARN_RANGE_LOOP_ANALYSIS = YES;
				CLANG_WARN_STRICT_PROTOTYPES = YES;
				CLANG_WARN_SUSPICIOUS_MOVE = YES;
				CLANG_WARN_UNGUARDED_AVAILABILITY = YES_AGGRESSIVE;
				CLANG_WARN_UNREACHABLE_CODE = YES;
				CLANG_WARN__DUPLICATE_METHOD_MATCH = YES;
				COPY_PHASE_STRIP = NO;
				DEBUG_INFORMATION_FORMAT = "dwarf-with-dsym";
				ENABLE_NS_ASSERTIONS = NO;
				ENABLE_STRICT_OBJC_MSGSEND = YES;
				GCC_C_LANGUAGE_STANDARD = gnu11;
				GCC_NO_COMMON_BLOCKS = YES;
				GCC_WARN_64_TO_32_BIT_CONVERSION = YES;
				GCC_WARN_ABOUT_RETURN_TYPE = YES_ERROR;
				GCC_WARN_UNDECLARED_SELECTOR = YES;
				GCC_WARN_UNINITIALIZED_AUTOS = YES_AGGRESSIVE;
				GCC_WARN_UNUSED_FUNCTION = YES;
				GCC_WARN_UNUSED_VARIABLE = YES;
				IPHONEOS_DEPLOYMENT_TARGET = 14.5;
				MTL_ENABLE_DEBUG_INFO = NO;
				MTL_FAST_MATH = YES;
				SDKROOT = iphoneos;
				VALIDATE_PRODUCT = YES;
			};
			name = Release;
		};
		6A57A62026F0766000D271FE /* Debug */ = {
			isa = XCBuildConfiguration;
			buildSettings = {
				ASSETCATALOG_COMPILER_APPICON_NAME = AppIcon;
				ASSETCATALOG_COMPILER_GLOBAL_ACCENT_COLOR_NAME = AccentColor;
				CODE_SIGN_STYLE = Automatic;
				DEVELOPMENT_TEAM = 3JF38H23W8;
				INFOPLIST_FILE = "DesignPattern-ObjC/Info.plist";
				LD_RUNPATH_SEARCH_PATHS = (
					"$(inherited)",
					"@executable_path/Frameworks",
				);
				PRODUCT_BUNDLE_IDENTIFIER = "com.ficow.demo.DesignPattern-ObjC";
				PRODUCT_NAME = "$(TARGET_NAME)";
				TARGETED_DEVICE_FAMILY = "1,2";
			};
			name = Debug;
		};
		6A57A62126F0766000D271FE /* Release */ = {
			isa = XCBuildConfiguration;
			buildSettings = {
				ASSETCATALOG_COMPILER_APPICON_NAME = AppIcon;
				ASSETCATALOG_COMPILER_GLOBAL_ACCENT_COLOR_NAME = AccentColor;
				CODE_SIGN_STYLE = Automatic;
				DEVELOPMENT_TEAM = 3JF38H23W8;
				INFOPLIST_FILE = "DesignPattern-ObjC/Info.plist";
				LD_RUNPATH_SEARCH_PATHS = (
					"$(inherited)",
					"@executable_path/Frameworks",
				);
				PRODUCT_BUNDLE_IDENTIFIER = "com.ficow.demo.DesignPattern-ObjC";
				PRODUCT_NAME = "$(TARGET_NAME)";
				TARGETED_DEVICE_FAMILY = "1,2";
			};
			name = Release;
		};
		6A57A62326F0766000D271FE /* Debug */ = {
			isa = XCBuildConfiguration;
			buildSettings = {
				BUNDLE_LOADER = "$(TEST_HOST)";
				CODE_SIGN_STYLE = Automatic;
				DEVELOPMENT_TEAM = 3JF38H23W8;
				INFOPLIST_FILE = "DesignPattern-ObjCTests/Info.plist";
				IPHONEOS_DEPLOYMENT_TARGET = 14.5;
				LD_RUNPATH_SEARCH_PATHS = (
					"$(inherited)",
					"@executable_path/Frameworks",
					"@loader_path/Frameworks",
				);
				PRODUCT_BUNDLE_IDENTIFIER = "com.ficow.demo.DesignPattern-ObjCTests";
				PRODUCT_NAME = "$(TARGET_NAME)";
				TARGETED_DEVICE_FAMILY = "1,2";
				TEST_HOST = "$(BUILT_PRODUCTS_DIR)/DesignPattern-ObjC.app/DesignPattern-ObjC";
			};
			name = Debug;
		};
		6A57A62426F0766000D271FE /* Release */ = {
			isa = XCBuildConfiguration;
			buildSettings = {
				BUNDLE_LOADER = "$(TEST_HOST)";
				CODE_SIGN_STYLE = Automatic;
				DEVELOPMENT_TEAM = 3JF38H23W8;
				INFOPLIST_FILE = "DesignPattern-ObjCTests/Info.plist";
				IPHONEOS_DEPLOYMENT_TARGET = 14.5;
				LD_RUNPATH_SEARCH_PATHS = (
					"$(inherited)",
					"@executable_path/Frameworks",
					"@loader_path/Frameworks",
				);
				PRODUCT_BUNDLE_IDENTIFIER = "com.ficow.demo.DesignPattern-ObjCTests";
				PRODUCT_NAME = "$(TARGET_NAME)";
				TARGETED_DEVICE_FAMILY = "1,2";
				TEST_HOST = "$(BUILT_PRODUCTS_DIR)/DesignPattern-ObjC.app/DesignPattern-ObjC";
			};
			name = Release;
		};
		6A57A62626F0766000D271FE /* Debug */ = {
			isa = XCBuildConfiguration;
			buildSettings = {
				CODE_SIGN_STYLE = Automatic;
				DEVELOPMENT_TEAM = 3JF38H23W8;
				INFOPLIST_FILE = "DesignPattern-ObjCUITests/Info.plist";
				LD_RUNPATH_SEARCH_PATHS = (
					"$(inherited)",
					"@executable_path/Frameworks",
					"@loader_path/Frameworks",
				);
				PRODUCT_BUNDLE_IDENTIFIER = "com.ficow.demo.DesignPattern-ObjCUITests";
				PRODUCT_NAME = "$(TARGET_NAME)";
				TARGETED_DEVICE_FAMILY = "1,2";
				TEST_TARGET_NAME = "DesignPattern-ObjC";
			};
			name = Debug;
		};
		6A57A62726F0766000D271FE /* Release */ = {
			isa = XCBuildConfiguration;
			buildSettings = {
				CODE_SIGN_STYLE = Automatic;
				DEVELOPMENT_TEAM = 3JF38H23W8;
				INFOPLIST_FILE = "DesignPattern-ObjCUITests/Info.plist";
				LD_RUNPATH_SEARCH_PATHS = (
					"$(inherited)",
					"@executable_path/Frameworks",
					"@loader_path/Frameworks",
				);
				PRODUCT_BUNDLE_IDENTIFIER = "com.ficow.demo.DesignPattern-ObjCUITests";
				PRODUCT_NAME = "$(TARGET_NAME)";
				TARGETED_DEVICE_FAMILY = "1,2";
				TEST_TARGET_NAME = "DesignPattern-ObjC";
			};
			name = Release;
		};
/* End XCBuildConfiguration section */

/* Begin XCConfigurationList section */
		6A57A5EB26F0765E00D271FE /* Build configuration list for PBXProject "DesignPattern-ObjC" */ = {
			isa = XCConfigurationList;
			buildConfigurations = (
				6A57A61D26F0766000D271FE /* Debug */,
				6A57A61E26F0766000D271FE /* Release */,
			);
			defaultConfigurationIsVisible = 0;
			defaultConfigurationName = Release;
		};
		6A57A61F26F0766000D271FE /* Build configuration list for PBXNativeTarget "DesignPattern-ObjC" */ = {
			isa = XCConfigurationList;
			buildConfigurations = (
				6A57A62026F0766000D271FE /* Debug */,
				6A57A62126F0766000D271FE /* Release */,
			);
			defaultConfigurationIsVisible = 0;
			defaultConfigurationName = Release;
		};
		6A57A62226F0766000D271FE /* Build configuration list for PBXNativeTarget "DesignPattern-ObjCTests" */ = {
			isa = XCConfigurationList;
			buildConfigurations = (
				6A57A62326F0766000D271FE /* Debug */,
				6A57A62426F0766000D271FE /* Release */,
			);
			defaultConfigurationIsVisible = 0;
			defaultConfigurationName = Release;
		};
		6A57A62526F0766000D271FE /* Build configuration list for PBXNativeTarget "DesignPattern-ObjCUITests" */ = {
			isa = XCConfigurationList;
			buildConfigurations = (
				6A57A62626F0766000D271FE /* Debug */,
				6A57A62726F0766000D271FE /* Release */,
			);
			defaultConfigurationIsVisible = 0;
			defaultConfigurationName = Release;
		};
/* End XCConfigurationList section */
	};
	rootObject = 6A57A5E826F0765E00D271FE /* Project object */;
}
